// !$*UTF8*$!
{
	archiveVersion = 1;
	classes = {
	};
	objectVersion = 52;
	objects = {

/* Begin PBXBuildFile section */
		2591E34C087E3064794BC894 /* Pods_FerryTimetable3_FerryTimetable3UITests.framework in Frameworks */ = {isa = PBXBuildFile; fileRef = E6698103004970AB6AC217F5 /* Pods_FerryTimetable3_FerryTimetable3UITests.framework */; };
		432CEF209522394D98AC8A09 /* Pods_FerryTimetable3Tests.framework in Frameworks */ = {isa = PBXBuildFile; fileRef = 317E4EC52F99BAA92F729BD5 /* Pods_FerryTimetable3Tests.framework */; };
		9B01E7F38944B31B915AB281 /* Pods_Ferry_widget.framework in Frameworks */ = {isa = PBXBuildFile; fileRef = 651A9080258F8BFFA627DE18 /* Pods_Ferry_widget.framework */; };
		CF0FF14124CAEE5300CB9676 /* NotificationCenter.framework in Frameworks */ = {isa = PBXBuildFile; fileRef = CF0FF14024CAEE5300CB9676 /* NotificationCenter.framework */; };
		CF0FF14424CAEE5300CB9676 /* TodayViewController.swift in Sources */ = {isa = PBXBuildFile; fileRef = CF0FF14324CAEE5300CB9676 /* TodayViewController.swift */; };
		CF0FF14724CAEE5300CB9676 /* MainInterface.storyboard in Resources */ = {isa = PBXBuildFile; fileRef = CF0FF14524CAEE5300CB9676 /* MainInterface.storyboard */; };
		CF0FF14B24CAEE5300CB9676 /* Ferry Timetable.appex in Embed App Extensions */ = {isa = PBXBuildFile; fileRef = CF0FF13E24CAEE5300CB9676 /* Ferry Timetable.appex */; settings = {ATTRIBUTES = (RemoveHeadersOnCopy, ); }; };
		CF1E4A4324ACDC9300D98F41 /* LeftAlignedCollectionViewFlowLayout.swift in Sources */ = {isa = PBXBuildFile; fileRef = CF1E4A4224ACDC9300D98F41 /* LeftAlignedCollectionViewFlowLayout.swift */; };
		CF547F8324C339F9007DCF39 /* raws.json in Resources */ = {isa = PBXBuildFile; fileRef = CF547F8224C339F9007DCF39 /* raws.json */; };
		CF547F8524C33C46007DCF39 /* Schedule.swift in Sources */ = {isa = PBXBuildFile; fileRef = CF547F8424C33C46007DCF39 /* Schedule.swift */; };
		CF547F8824C359A0007DCF39 /* MenuCell.swift in Sources */ = {isa = PBXBuildFile; fileRef = CF547F8724C359A0007DCF39 /* MenuCell.swift */; };
		CF5A5AD424CAFA2500DDF6BB /* MenuCell.swift in Sources */ = {isa = PBXBuildFile; fileRef = CF547F8724C359A0007DCF39 /* MenuCell.swift */; };
		CF5A5AD524CAFA6D00DDF6BB /* ModelManager.swift in Sources */ = {isa = PBXBuildFile; fileRef = CF8CABCC24ACFD4700E7FCB4 /* ModelManager.swift */; };
		CF5A5AD624CAFA7000DDF6BB /* Schedule.swift in Sources */ = {isa = PBXBuildFile; fileRef = CF547F8424C33C46007DCF39 /* Schedule.swift */; };
		CF5A5AD724CAFA8900DDF6BB /* Timetable.swift in Sources */ = {isa = PBXBuildFile; fileRef = CF6B6EEC24AF1A9600C18FD2 /* Timetable.swift */; };
		CF5A5AD824CAFB2000DDF6BB /* Json.swift in Sources */ = {isa = PBXBuildFile; fileRef = CFEF2C1324CADCCE00DA70A4 /* Json.swift */; };
		CF5A5ADA24CAFBE200DDF6BB /* Alamofire in Frameworks */ = {isa = PBXBuildFile; productRef = CF5A5AD924CAFBE200DDF6BB /* Alamofire */; };
		CF5A5ADC24CAFBE600DDF6BB /* SnapKit in Frameworks */ = {isa = PBXBuildFile; productRef = CF5A5ADB24CAFBE600DDF6BB /* SnapKit */; };
		CF5A5ADD24CAFC3200DDF6BB /* raws.json in Resources */ = {isa = PBXBuildFile; fileRef = CF547F8224C339F9007DCF39 /* raws.json */; };
		CF5A5ADF24CB033000DDF6BB /* WidgetView.swift in Sources */ = {isa = PBXBuildFile; fileRef = CF5A5ADE24CB033000DDF6BB /* WidgetView.swift */; };
		CF5A5AE324CB757300DDF6BB /* CurrentScheduleView.swift in Sources */ = {isa = PBXBuildFile; fileRef = CF5A5AE224CB757300DDF6BB /* CurrentScheduleView.swift */; };
		CF5A5AE424CB757300DDF6BB /* CurrentScheduleView.swift in Sources */ = {isa = PBXBuildFile; fileRef = CF5A5AE224CB757300DDF6BB /* CurrentScheduleView.swift */; };
		CF6B6EED24AF1A9600C18FD2 /* Timetable.swift in Sources */ = {isa = PBXBuildFile; fileRef = CF6B6EEC24AF1A9600C18FD2 /* Timetable.swift */; };
		CF716EC524C72A43007EA415 /* SnapKit in Frameworks */ = {isa = PBXBuildFile; productRef = CF716EC424C72A43007EA415 /* SnapKit */; };
		CF73374C253C3D160039A709 /* FerryTypeTableViewCell.swift in Sources */ = {isa = PBXBuildFile; fileRef = CF73374B253C3D160039A709 /* FerryTypeTableViewCell.swift */; };
		CF8CABCD24ACFD4700E7FCB4 /* ModelManager.swift in Sources */ = {isa = PBXBuildFile; fileRef = CF8CABCC24ACFD4700E7FCB4 /* ModelManager.swift */; };
		CF9C10F024AE58F8001D13EC /* Alamofire in Frameworks */ = {isa = PBXBuildFile; productRef = CF9C10EF24AE58F8001D13EC /* Alamofire */; };
		CFA0543D256AD89400351CE3 /* Metadata.swift in Sources */ = {isa = PBXBuildFile; fileRef = CFA0543C256AD89400351CE3 /* Metadata.swift */; };
		CFA0543E256AD89400351CE3 /* Metadata.swift in Sources */ = {isa = PBXBuildFile; fileRef = CFA0543C256AD89400351CE3 /* Metadata.swift */; };
		CFA05444256B7EE800351CE3 /* MetadataViewController.swift in Sources */ = {isa = PBXBuildFile; fileRef = CFA05443256B7EE800351CE3 /* MetadataViewController.swift */; };
		CFA0544A256B90CF00351CE3 /* metadatas.json in Resources */ = {isa = PBXBuildFile; fileRef = CFA05449256B90CF00351CE3 /* metadatas.json */; };
		CFA05454256BA96E00351CE3 /* FareTableViewCell.swift in Sources */ = {isa = PBXBuildFile; fileRef = CFA05453256BA96E00351CE3 /* FareTableViewCell.swift */; };
		CFA35E03253B2C1500B10A4C /* FerrySimpleTableViewCell.swift in Sources */ = {isa = PBXBuildFile; fileRef = CFA35E02253B2C1500B10A4C /* FerrySimpleTableViewCell.swift */; };
		CFADD6BD24D875E900473F8D /* Holiday.swift in Sources */ = {isa = PBXBuildFile; fileRef = CFADD6BC24D875E900473F8D /* Holiday.swift */; };
		CFADD6BE24D8780000473F8D /* Holiday.swift in Sources */ = {isa = PBXBuildFile; fileRef = CFADD6BC24D875E900473F8D /* Holiday.swift */; };
		CFADD6C024D878D500473F8D /* holidays.json in Resources */ = {isa = PBXBuildFile; fileRef = CFADD6BF24D878D500473F8D /* holidays.json */; };
		CFADD6C124D878D500473F8D /* holidays.json in Resources */ = {isa = PBXBuildFile; fileRef = CFADD6BF24D878D500473F8D /* holidays.json */; };
		CFB5805124AB7AE000DC3C63 /* AppDelegate.swift in Sources */ = {isa = PBXBuildFile; fileRef = CFB5805024AB7AE000DC3C63 /* AppDelegate.swift */; };
		CFB5805324AB7AE000DC3C63 /* SceneDelegate.swift in Sources */ = {isa = PBXBuildFile; fileRef = CFB5805224AB7AE000DC3C63 /* SceneDelegate.swift */; };
		CFB5805524AB7AE000DC3C63 /* MasterViewController.swift in Sources */ = {isa = PBXBuildFile; fileRef = CFB5805424AB7AE000DC3C63 /* MasterViewController.swift */; };
		CFB5805724AB7AE000DC3C63 /* DetailViewController.swift in Sources */ = {isa = PBXBuildFile; fileRef = CFB5805624AB7AE000DC3C63 /* DetailViewController.swift */; };
		CFB5805A24AB7AE000DC3C63 /* Main.storyboard in Resources */ = {isa = PBXBuildFile; fileRef = CFB5805824AB7AE000DC3C63 /* Main.storyboard */; };
		CFB5805C24AB7AE200DC3C63 /* Assets.xcassets in Resources */ = {isa = PBXBuildFile; fileRef = CFB5805B24AB7AE200DC3C63 /* Assets.xcassets */; };
		CFB5805F24AB7AE200DC3C63 /* LaunchScreen.storyboard in Resources */ = {isa = PBXBuildFile; fileRef = CFB5805D24AB7AE200DC3C63 /* LaunchScreen.storyboard */; };
		CFB5806A24AB7AE200DC3C63 /* FerryTimetable3Tests.swift in Sources */ = {isa = PBXBuildFile; fileRef = CFB5806924AB7AE200DC3C63 /* FerryTimetable3Tests.swift */; };
		CFB5807524AB7AE200DC3C63 /* FerryTimetable3UITests.swift in Sources */ = {isa = PBXBuildFile; fileRef = CFB5807424AB7AE200DC3C63 /* FerryTimetable3UITests.swift */; };
		CFB5808324AB884F00DC3C63 /* MenuTableViewCell.swift in Sources */ = {isa = PBXBuildFile; fileRef = CFB5808224AB884F00DC3C63 /* MenuTableViewCell.swift */; };
		CFC73E6024D8336E00CA4F41 /* Localizable.strings in Resources */ = {isa = PBXBuildFile; fileRef = CFC73E5E24D8336E00CA4F41 /* Localizable.strings */; };
		CFC73E6324D8336E00CA4F41 /* Localizable.strings in Resources */ = {isa = PBXBuildFile; fileRef = CFC73E6124D8336E00CA4F41 /* Localizable.strings */; };
		CFC73E6624D8369B00CA4F41 /* InfoPlist.strings in Resources */ = {isa = PBXBuildFile; fileRef = CFC73E6424D8369B00CA4F41 /* InfoPlist.strings */; };
		CFC73E6C24D8391A00CA4F41 /* InfoPlist.strings in Resources */ = {isa = PBXBuildFile; fileRef = CFC73E6A24D8391A00CA4F41 /* InfoPlist.strings */; };
		CFCC219224C83D370007ECA5 /* DatedFerriesTableViewController.swift in Sources */ = {isa = PBXBuildFile; fileRef = CFCC219124C83D370007ECA5 /* DatedFerriesTableViewController.swift */; };
		CFCC219624C97F080007ECA5 /* DirectionSwitchingView.swift in Sources */ = {isa = PBXBuildFile; fileRef = CFCC219524C97F080007ECA5 /* DirectionSwitchingView.swift */; };
		CFCC219824C9A9EF0007ECA5 /* SettingsViewController.swift in Sources */ = {isa = PBXBuildFile; fileRef = CFCC219724C9A9EF0007ECA5 /* SettingsViewController.swift */; };
		CFCC219A24C9C90D0007ECA5 /* FerryDatePickerViewController.swift in Sources */ = {isa = PBXBuildFile; fileRef = CFCC219924C9C90D0007ECA5 /* FerryDatePickerViewController.swift */; };
		CFD7A77C24C814E20082D9A3 /* FerriesViewController.swift in Sources */ = {isa = PBXBuildFile; fileRef = CFD7A77B24C814E20082D9A3 /* FerriesViewController.swift */; };
		CFD7A77E24C81A1E0082D9A3 /* FerriesTableViewCell.swift in Sources */ = {isa = PBXBuildFile; fileRef = CFD7A77D24C81A1E0082D9A3 /* FerriesTableViewCell.swift */; };
		CFD7A78024C81A340082D9A3 /* FerryCell.swift in Sources */ = {isa = PBXBuildFile; fileRef = CFD7A77F24C81A340082D9A3 /* FerryCell.swift */; };
		CFDAF407265A6308000E973A /* CoreLocation.framework in Frameworks */ = {isa = PBXBuildFile; fileRef = CFDAF406265A6308000E973A /* CoreLocation.framework */; };
		CFDAF408265A6312000E973A /* CoreLocation.framework in Frameworks */ = {isa = PBXBuildFile; fileRef = CFDAF406265A6308000E973A /* CoreLocation.framework */; };
		CFE1044C24CAB69B00AB1B80 /* SettingsView.swift in Sources */ = {isa = PBXBuildFile; fileRef = CFE1044B24CAB69B00AB1B80 /* SettingsView.swift */; };
		CFEF2C1424CADCCE00DA70A4 /* Json.swift in Sources */ = {isa = PBXBuildFile; fileRef = CFEF2C1324CADCCE00DA70A4 /* Json.swift */; };
		FD342830DA4812F7F903F66C /* Pods_FerryTimetable3.framework in Frameworks */ = {isa = PBXBuildFile; fileRef = F085409AD139E84060EF67C8 /* Pods_FerryTimetable3.framework */; };
/* End PBXBuildFile section */

/* Begin PBXContainerItemProxy section */
		CF0FF14924CAEE5300CB9676 /* PBXContainerItemProxy */ = {
			isa = PBXContainerItemProxy;
			containerPortal = CFB5804524AB7AE000DC3C63 /* Project object */;
			proxyType = 1;
			remoteGlobalIDString = CF0FF13D24CAEE5300CB9676;
			remoteInfo = "Ferry widget";
		};
		CFB5806624AB7AE200DC3C63 /* PBXContainerItemProxy */ = {
			isa = PBXContainerItemProxy;
			containerPortal = CFB5804524AB7AE000DC3C63 /* Project object */;
			proxyType = 1;
			remoteGlobalIDString = CFB5804C24AB7AE000DC3C63;
			remoteInfo = FerryTimetable3;
		};
		CFB5807124AB7AE200DC3C63 /* PBXContainerItemProxy */ = {
			isa = PBXContainerItemProxy;
			containerPortal = CFB5804524AB7AE000DC3C63 /* Project object */;
			proxyType = 1;
			remoteGlobalIDString = CFB5804C24AB7AE000DC3C63;
			remoteInfo = FerryTimetable3;
		};
/* End PBXContainerItemProxy section */

/* Begin PBXCopyFilesBuildPhase section */
		CF0FF14C24CAEE5300CB9676 /* Embed App Extensions */ = {
			isa = PBXCopyFilesBuildPhase;
			buildActionMask = 2147483647;
			dstPath = "";
			dstSubfolderSpec = 13;
			files = (
				CF0FF14B24CAEE5300CB9676 /* Ferry Timetable.appex in Embed App Extensions */,
			);
			name = "Embed App Extensions";
			runOnlyForDeploymentPostprocessing = 0;
		};
/* End PBXCopyFilesBuildPhase section */

/* Begin PBXFileReference section */
		23BEAD2ADC9504AFFD629656 /* Pods-FerryTimetable3.release.xcconfig */ = {isa = PBXFileReference; includeInIndex = 1; lastKnownFileType = text.xcconfig; name = "Pods-FerryTimetable3.release.xcconfig"; path = "Target Support Files/Pods-FerryTimetable3/Pods-FerryTimetable3.release.xcconfig"; sourceTree = "<group>"; };
		244636FAD014D717BA161343 /* Pods-Ferry widget.release.xcconfig */ = {isa = PBXFileReference; includeInIndex = 1; lastKnownFileType = text.xcconfig; name = "Pods-Ferry widget.release.xcconfig"; path = "Target Support Files/Pods-Ferry widget/Pods-Ferry widget.release.xcconfig"; sourceTree = "<group>"; };
		317E4EC52F99BAA92F729BD5 /* Pods_FerryTimetable3Tests.framework */ = {isa = PBXFileReference; explicitFileType = wrapper.framework; includeInIndex = 0; path = Pods_FerryTimetable3Tests.framework; sourceTree = BUILT_PRODUCTS_DIR; };
		39DC1B13C842C22A2CD44B62 /* Pods-Ferry widget.debug.xcconfig */ = {isa = PBXFileReference; includeInIndex = 1; lastKnownFileType = text.xcconfig; name = "Pods-Ferry widget.debug.xcconfig"; path = "Target Support Files/Pods-Ferry widget/Pods-Ferry widget.debug.xcconfig"; sourceTree = "<group>"; };
		53FFFABA73ED1BAB2802EF68 /* Pods-FerryTimetable3-FerryTimetable3UITests.release.xcconfig */ = {isa = PBXFileReference; includeInIndex = 1; lastKnownFileType = text.xcconfig; name = "Pods-FerryTimetable3-FerryTimetable3UITests.release.xcconfig"; path = "Target Support Files/Pods-FerryTimetable3-FerryTimetable3UITests/Pods-FerryTimetable3-FerryTimetable3UITests.release.xcconfig"; sourceTree = "<group>"; };
		651A9080258F8BFFA627DE18 /* Pods_Ferry_widget.framework */ = {isa = PBXFileReference; explicitFileType = wrapper.framework; includeInIndex = 0; path = Pods_Ferry_widget.framework; sourceTree = BUILT_PRODUCTS_DIR; };
		79217DA274E012E41226FB6D /* Pods-FerryTimetable3Tests.debug.xcconfig */ = {isa = PBXFileReference; includeInIndex = 1; lastKnownFileType = text.xcconfig; name = "Pods-FerryTimetable3Tests.debug.xcconfig"; path = "Target Support Files/Pods-FerryTimetable3Tests/Pods-FerryTimetable3Tests.debug.xcconfig"; sourceTree = "<group>"; };
		85654B12E7EC603666BFC3D5 /* Pods-FerryTimetable3-FerryTimetable3UITests.debug.xcconfig */ = {isa = PBXFileReference; includeInIndex = 1; lastKnownFileType = text.xcconfig; name = "Pods-FerryTimetable3-FerryTimetable3UITests.debug.xcconfig"; path = "Target Support Files/Pods-FerryTimetable3-FerryTimetable3UITests/Pods-FerryTimetable3-FerryTimetable3UITests.debug.xcconfig"; sourceTree = "<group>"; };
		A5945BE56A9DE1E51BB46169 /* Pods-FerryTimetable3.debug.xcconfig */ = {isa = PBXFileReference; includeInIndex = 1; lastKnownFileType = text.xcconfig; name = "Pods-FerryTimetable3.debug.xcconfig"; path = "Target Support Files/Pods-FerryTimetable3/Pods-FerryTimetable3.debug.xcconfig"; sourceTree = "<group>"; };
		BFD56B463AE99EE32B831115 /* Pods-FerryTimetable3Tests.release.xcconfig */ = {isa = PBXFileReference; includeInIndex = 1; lastKnownFileType = text.xcconfig; name = "Pods-FerryTimetable3Tests.release.xcconfig"; path = "Target Support Files/Pods-FerryTimetable3Tests/Pods-FerryTimetable3Tests.release.xcconfig"; sourceTree = "<group>"; };
		CF0FF13E24CAEE5300CB9676 /* Ferry Timetable.appex */ = {isa = PBXFileReference; explicitFileType = "wrapper.app-extension"; includeInIndex = 0; path = "Ferry Timetable.appex"; sourceTree = BUILT_PRODUCTS_DIR; };
		CF0FF14024CAEE5300CB9676 /* NotificationCenter.framework */ = {isa = PBXFileReference; lastKnownFileType = wrapper.framework; name = NotificationCenter.framework; path = System/Library/Frameworks/NotificationCenter.framework; sourceTree = SDKROOT; };
		CF0FF14324CAEE5300CB9676 /* TodayViewController.swift */ = {isa = PBXFileReference; lastKnownFileType = sourcecode.swift; path = TodayViewController.swift; sourceTree = "<group>"; };
		CF0FF14624CAEE5300CB9676 /* Base */ = {isa = PBXFileReference; lastKnownFileType = file.storyboard; name = Base; path = Base.lproj/MainInterface.storyboard; sourceTree = "<group>"; };
		CF0FF14824CAEE5300CB9676 /* Info.plist */ = {isa = PBXFileReference; lastKnownFileType = text.plist.xml; path = Info.plist; sourceTree = "<group>"; };
		CF1E4A4224ACDC9300D98F41 /* LeftAlignedCollectionViewFlowLayout.swift */ = {isa = PBXFileReference; lastKnownFileType = sourcecode.swift; path = LeftAlignedCollectionViewFlowLayout.swift; sourceTree = "<group>"; };
		CF547F8224C339F9007DCF39 /* raws.json */ = {isa = PBXFileReference; fileEncoding = 4; lastKnownFileType = text.json; path = raws.json; sourceTree = "<group>"; };
		CF547F8424C33C46007DCF39 /* Schedule.swift */ = {isa = PBXFileReference; lastKnownFileType = sourcecode.swift; path = Schedule.swift; sourceTree = "<group>"; };
		CF547F8724C359A0007DCF39 /* MenuCell.swift */ = {isa = PBXFileReference; lastKnownFileType = sourcecode.swift; path = MenuCell.swift; sourceTree = "<group>"; };
		CF5A5ADE24CB033000DDF6BB /* WidgetView.swift */ = {isa = PBXFileReference; lastKnownFileType = sourcecode.swift; path = WidgetView.swift; sourceTree = "<group>"; };
		CF5A5AE024CB706400DDF6BB /* FerryTimetable3.entitlements */ = {isa = PBXFileReference; lastKnownFileType = text.plist.entitlements; path = FerryTimetable3.entitlements; sourceTree = "<group>"; };
		CF5A5AE124CB70D700DDF6BB /* Ferry Timetable.entitlements */ = {isa = PBXFileReference; lastKnownFileType = text.plist.entitlements; path = "Ferry Timetable.entitlements"; sourceTree = "<group>"; };
		CF5A5AE224CB757300DDF6BB /* CurrentScheduleView.swift */ = {isa = PBXFileReference; fileEncoding = 4; lastKnownFileType = sourcecode.swift; path = CurrentScheduleView.swift; sourceTree = "<group>"; };
		CF6B6EEC24AF1A9600C18FD2 /* Timetable.swift */ = {isa = PBXFileReference; lastKnownFileType = sourcecode.swift; path = Timetable.swift; sourceTree = "<group>"; };
		CF73374B253C3D160039A709 /* FerryTypeTableViewCell.swift */ = {isa = PBXFileReference; lastKnownFileType = sourcecode.swift; path = FerryTypeTableViewCell.swift; sourceTree = "<group>"; };
		CF8CABCC24ACFD4700E7FCB4 /* ModelManager.swift */ = {isa = PBXFileReference; lastKnownFileType = sourcecode.swift; path = ModelManager.swift; sourceTree = "<group>"; };
		CFA0543C256AD89400351CE3 /* Metadata.swift */ = {isa = PBXFileReference; lastKnownFileType = sourcecode.swift; path = Metadata.swift; sourceTree = "<group>"; };
		CFA05443256B7EE800351CE3 /* MetadataViewController.swift */ = {isa = PBXFileReference; lastKnownFileType = sourcecode.swift; path = MetadataViewController.swift; sourceTree = "<group>"; };
		CFA05449256B90CF00351CE3 /* metadatas.json */ = {isa = PBXFileReference; fileEncoding = 4; lastKnownFileType = text.json; path = metadatas.json; sourceTree = "<group>"; };
		CFA05453256BA96E00351CE3 /* FareTableViewCell.swift */ = {isa = PBXFileReference; lastKnownFileType = sourcecode.swift; path = FareTableViewCell.swift; sourceTree = "<group>"; };
		CFA35E02253B2C1500B10A4C /* FerrySimpleTableViewCell.swift */ = {isa = PBXFileReference; lastKnownFileType = sourcecode.swift; path = FerrySimpleTableViewCell.swift; sourceTree = "<group>"; };
		CFADD6BC24D875E900473F8D /* Holiday.swift */ = {isa = PBXFileReference; lastKnownFileType = sourcecode.swift; path = Holiday.swift; sourceTree = "<group>"; };
		CFADD6BF24D878D500473F8D /* holidays.json */ = {isa = PBXFileReference; fileEncoding = 4; lastKnownFileType = text.json; path = holidays.json; sourceTree = "<group>"; };
		CFB5804D24AB7AE000DC3C63 /* HK Ferry.app */ = {isa = PBXFileReference; explicitFileType = wrapper.application; includeInIndex = 0; path = "HK Ferry.app"; sourceTree = BUILT_PRODUCTS_DIR; };
		CFB5805024AB7AE000DC3C63 /* AppDelegate.swift */ = {isa = PBXFileReference; lastKnownFileType = sourcecode.swift; path = AppDelegate.swift; sourceTree = "<group>"; };
		CFB5805224AB7AE000DC3C63 /* SceneDelegate.swift */ = {isa = PBXFileReference; lastKnownFileType = sourcecode.swift; path = SceneDelegate.swift; sourceTree = "<group>"; };
		CFB5805424AB7AE000DC3C63 /* MasterViewController.swift */ = {isa = PBXFileReference; lastKnownFileType = sourcecode.swift; path = MasterViewController.swift; sourceTree = "<group>"; };
		CFB5805624AB7AE000DC3C63 /* DetailViewController.swift */ = {isa = PBXFileReference; lastKnownFileType = sourcecode.swift; path = DetailViewController.swift; sourceTree = "<group>"; };
		CFB5805924AB7AE000DC3C63 /* Base */ = {isa = PBXFileReference; lastKnownFileType = file.storyboard; name = Base; path = Base.lproj/Main.storyboard; sourceTree = "<group>"; };
		CFB5805B24AB7AE200DC3C63 /* Assets.xcassets */ = {isa = PBXFileReference; lastKnownFileType = folder.assetcatalog; path = Assets.xcassets; sourceTree = "<group>"; };
		CFB5805E24AB7AE200DC3C63 /* Base */ = {isa = PBXFileReference; lastKnownFileType = file.storyboard; name = Base; path = Base.lproj/LaunchScreen.storyboard; sourceTree = "<group>"; };
		CFB5806024AB7AE200DC3C63 /* Info.plist */ = {isa = PBXFileReference; lastKnownFileType = text.plist.xml; path = Info.plist; sourceTree = "<group>"; };
		CFB5806524AB7AE200DC3C63 /* FerryTimetable3Tests.xctest */ = {isa = PBXFileReference; explicitFileType = wrapper.cfbundle; includeInIndex = 0; path = FerryTimetable3Tests.xctest; sourceTree = BUILT_PRODUCTS_DIR; };
		CFB5806924AB7AE200DC3C63 /* FerryTimetable3Tests.swift */ = {isa = PBXFileReference; lastKnownFileType = sourcecode.swift; path = FerryTimetable3Tests.swift; sourceTree = "<group>"; };
		CFB5806B24AB7AE200DC3C63 /* Info.plist */ = {isa = PBXFileReference; lastKnownFileType = text.plist.xml; path = Info.plist; sourceTree = "<group>"; };
		CFB5807024AB7AE200DC3C63 /* FerryTimetable3UITests.xctest */ = {isa = PBXFileReference; explicitFileType = wrapper.cfbundle; includeInIndex = 0; path = FerryTimetable3UITests.xctest; sourceTree = BUILT_PRODUCTS_DIR; };
		CFB5807424AB7AE200DC3C63 /* FerryTimetable3UITests.swift */ = {isa = PBXFileReference; lastKnownFileType = sourcecode.swift; path = FerryTimetable3UITests.swift; sourceTree = "<group>"; };
		CFB5807624AB7AE200DC3C63 /* Info.plist */ = {isa = PBXFileReference; lastKnownFileType = text.plist.xml; path = Info.plist; sourceTree = "<group>"; };
		CFB5808224AB884F00DC3C63 /* MenuTableViewCell.swift */ = {isa = PBXFileReference; lastKnownFileType = sourcecode.swift; path = MenuTableViewCell.swift; sourceTree = "<group>"; };
		CFC73E5824D8308700CA4F41 /* zh-HK */ = {isa = PBXFileReference; lastKnownFileType = text.plist.strings; name = "zh-HK"; path = "zh-HK.lproj/Main.strings"; sourceTree = "<group>"; };
		CFC73E5924D8308700CA4F41 /* zh-HK */ = {isa = PBXFileReference; lastKnownFileType = text.plist.strings; name = "zh-HK"; path = "zh-HK.lproj/LaunchScreen.strings"; sourceTree = "<group>"; };
		CFC73E5A24D8308700CA4F41 /* zh-HK */ = {isa = PBXFileReference; lastKnownFileType = text.plist.strings; name = "zh-HK"; path = "zh-HK.lproj/MainInterface.strings"; sourceTree = "<group>"; };
		CFC73E5F24D8336E00CA4F41 /* zh-HK */ = {isa = PBXFileReference; lastKnownFileType = text.plist.strings; name = "zh-HK"; path = "zh-HK.lproj/Localizable.strings"; sourceTree = "<group>"; };
		CFC73E6224D8336E00CA4F41 /* zh-HK */ = {isa = PBXFileReference; lastKnownFileType = text.plist.strings; name = "zh-HK"; path = "zh-HK.lproj/Localizable.strings"; sourceTree = "<group>"; };
		CFC73E6524D8369B00CA4F41 /* zh-HK */ = {isa = PBXFileReference; lastKnownFileType = text.plist.strings; name = "zh-HK"; path = "zh-HK.lproj/InfoPlist.strings"; sourceTree = "<group>"; };
		CFC73E6724D8376B00CA4F41 /* ja */ = {isa = PBXFileReference; lastKnownFileType = text.plist.strings; name = ja; path = ja.lproj/Main.strings; sourceTree = "<group>"; };
		CFC73E6824D8376C00CA4F41 /* ja */ = {isa = PBXFileReference; lastKnownFileType = text.plist.strings; name = ja; path = ja.lproj/LaunchScreen.strings; sourceTree = "<group>"; };
		CFC73E6924D8376C00CA4F41 /* ja */ = {isa = PBXFileReference; lastKnownFileType = text.plist.strings; name = ja; path = ja.lproj/MainInterface.strings; sourceTree = "<group>"; };
		CFC73E6B24D8391A00CA4F41 /* ja */ = {isa = PBXFileReference; lastKnownFileType = text.plist.strings; name = ja; path = ja.lproj/InfoPlist.strings; sourceTree = "<group>"; };
		CFC73E6D24D8391A00CA4F41 /* ja */ = {isa = PBXFileReference; lastKnownFileType = text.plist.strings; name = ja; path = ja.lproj/InfoPlist.strings; sourceTree = "<group>"; };
		CFC73E6E24D8391A00CA4F41 /* ja */ = {isa = PBXFileReference; lastKnownFileType = text.plist.strings; name = ja; path = ja.lproj/Localizable.strings; sourceTree = "<group>"; };
		CFC73E6F24D8391A00CA4F41 /* ja */ = {isa = PBXFileReference; lastKnownFileType = text.plist.strings; name = ja; path = ja.lproj/Localizable.strings; sourceTree = "<group>"; };
		CFCC219124C83D370007ECA5 /* DatedFerriesTableViewController.swift */ = {isa = PBXFileReference; lastKnownFileType = sourcecode.swift; path = DatedFerriesTableViewController.swift; sourceTree = "<group>"; };
		CFCC219524C97F080007ECA5 /* DirectionSwitchingView.swift */ = {isa = PBXFileReference; lastKnownFileType = sourcecode.swift; path = DirectionSwitchingView.swift; sourceTree = "<group>"; };
		CFCC219724C9A9EF0007ECA5 /* SettingsViewController.swift */ = {isa = PBXFileReference; lastKnownFileType = sourcecode.swift; path = SettingsViewController.swift; sourceTree = "<group>"; };
		CFCC219924C9C90D0007ECA5 /* FerryDatePickerViewController.swift */ = {isa = PBXFileReference; lastKnownFileType = sourcecode.swift; path = FerryDatePickerViewController.swift; sourceTree = "<group>"; };
		CFD7A77B24C814E20082D9A3 /* FerriesViewController.swift */ = {isa = PBXFileReference; lastKnownFileType = sourcecode.swift; path = FerriesViewController.swift; sourceTree = "<group>"; };
		CFD7A77D24C81A1E0082D9A3 /* FerriesTableViewCell.swift */ = {isa = PBXFileReference; lastKnownFileType = sourcecode.swift; path = FerriesTableViewCell.swift; sourceTree = "<group>"; };
		CFD7A77F24C81A340082D9A3 /* FerryCell.swift */ = {isa = PBXFileReference; lastKnownFileType = sourcecode.swift; path = FerryCell.swift; sourceTree = "<group>"; };
		CFDAF406265A6308000E973A /* CoreLocation.framework */ = {isa = PBXFileReference; lastKnownFileType = wrapper.framework; name = CoreLocation.framework; path = System/Library/Frameworks/CoreLocation.framework; sourceTree = SDKROOT; };
		CFE1044B24CAB69B00AB1B80 /* SettingsView.swift */ = {isa = PBXFileReference; lastKnownFileType = sourcecode.swift; path = SettingsView.swift; sourceTree = "<group>"; };
		CFEF2C1324CADCCE00DA70A4 /* Json.swift */ = {isa = PBXFileReference; lastKnownFileType = sourcecode.swift; path = Json.swift; sourceTree = "<group>"; };
		E6698103004970AB6AC217F5 /* Pods_FerryTimetable3_FerryTimetable3UITests.framework */ = {isa = PBXFileReference; explicitFileType = wrapper.framework; includeInIndex = 0; path = Pods_FerryTimetable3_FerryTimetable3UITests.framework; sourceTree = BUILT_PRODUCTS_DIR; };
		F085409AD139E84060EF67C8 /* Pods_FerryTimetable3.framework */ = {isa = PBXFileReference; explicitFileType = wrapper.framework; includeInIndex = 0; path = Pods_FerryTimetable3.framework; sourceTree = BUILT_PRODUCTS_DIR; };
/* End PBXFileReference section */

/* Begin PBXFrameworksBuildPhase section */
		CF0FF13B24CAEE5300CB9676 /* Frameworks */ = {
			isa = PBXFrameworksBuildPhase;
			buildActionMask = 2147483647;
			files = (
				CFDAF408265A6312000E973A /* CoreLocation.framework in Frameworks */,
				CF5A5ADC24CAFBE600DDF6BB /* SnapKit in Frameworks */,
				CF0FF14124CAEE5300CB9676 /* NotificationCenter.framework in Frameworks */,
				CF5A5ADA24CAFBE200DDF6BB /* Alamofire in Frameworks */,
				9B01E7F38944B31B915AB281 /* Pods_Ferry_widget.framework in Frameworks */,
			);
			runOnlyForDeploymentPostprocessing = 0;
		};
		CFB5804A24AB7AE000DC3C63 /* Frameworks */ = {
			isa = PBXFrameworksBuildPhase;
			buildActionMask = 2147483647;
			files = (
				CFDAF407265A6308000E973A /* CoreLocation.framework in Frameworks */,
				CF9C10F024AE58F8001D13EC /* Alamofire in Frameworks */,
				CF716EC524C72A43007EA415 /* SnapKit in Frameworks */,
				FD342830DA4812F7F903F66C /* Pods_FerryTimetable3.framework in Frameworks */,
			);
			runOnlyForDeploymentPostprocessing = 0;
		};
		CFB5806224AB7AE200DC3C63 /* Frameworks */ = {
			isa = PBXFrameworksBuildPhase;
			buildActionMask = 2147483647;
			files = (
				432CEF209522394D98AC8A09 /* Pods_FerryTimetable3Tests.framework in Frameworks */,
			);
			runOnlyForDeploymentPostprocessing = 0;
		};
		CFB5806D24AB7AE200DC3C63 /* Frameworks */ = {
			isa = PBXFrameworksBuildPhase;
			buildActionMask = 2147483647;
			files = (
				2591E34C087E3064794BC894 /* Pods_FerryTimetable3_FerryTimetable3UITests.framework in Frameworks */,
			);
			runOnlyForDeploymentPostprocessing = 0;
		};
/* End PBXFrameworksBuildPhase section */

/* Begin PBXGroup section */
		99FA93FC9DAE8A8D35C1EAC9 /* Pods */ = {
			isa = PBXGroup;
			children = (
				39DC1B13C842C22A2CD44B62 /* Pods-Ferry widget.debug.xcconfig */,
				244636FAD014D717BA161343 /* Pods-Ferry widget.release.xcconfig */,
				A5945BE56A9DE1E51BB46169 /* Pods-FerryTimetable3.debug.xcconfig */,
				23BEAD2ADC9504AFFD629656 /* Pods-FerryTimetable3.release.xcconfig */,
				85654B12E7EC603666BFC3D5 /* Pods-FerryTimetable3-FerryTimetable3UITests.debug.xcconfig */,
				53FFFABA73ED1BAB2802EF68 /* Pods-FerryTimetable3-FerryTimetable3UITests.release.xcconfig */,
				79217DA274E012E41226FB6D /* Pods-FerryTimetable3Tests.debug.xcconfig */,
				BFD56B463AE99EE32B831115 /* Pods-FerryTimetable3Tests.release.xcconfig */,
			);
			path = Pods;
			sourceTree = "<group>";
		};
		CF0FF13F24CAEE5300CB9676 /* Frameworks */ = {
			isa = PBXGroup;
			children = (
				CFDAF406265A6308000E973A /* CoreLocation.framework */,
				CF0FF14024CAEE5300CB9676 /* NotificationCenter.framework */,
				651A9080258F8BFFA627DE18 /* Pods_Ferry_widget.framework */,
				F085409AD139E84060EF67C8 /* Pods_FerryTimetable3.framework */,
				E6698103004970AB6AC217F5 /* Pods_FerryTimetable3_FerryTimetable3UITests.framework */,
				317E4EC52F99BAA92F729BD5 /* Pods_FerryTimetable3Tests.framework */,
			);
			name = Frameworks;
			sourceTree = "<group>";
		};
		CF0FF14224CAEE5300CB9676 /* Ferry widget */ = {
			isa = PBXGroup;
			children = (
				CF5A5AE124CB70D700DDF6BB /* Ferry Timetable.entitlements */,
				CF0FF14324CAEE5300CB9676 /* TodayViewController.swift */,
				CF0FF14524CAEE5300CB9676 /* MainInterface.storyboard */,
				CF0FF14824CAEE5300CB9676 /* Info.plist */,
				CFC73E6424D8369B00CA4F41 /* InfoPlist.strings */,
				CFC73E5E24D8336E00CA4F41 /* Localizable.strings */,
				CF5A5ADE24CB033000DDF6BB /* WidgetView.swift */,
			);
			path = "Ferry widget";
			sourceTree = "<group>";
		};
		CF547F8624C3598A007DCF39 /* ViewModel */ = {
			isa = PBXGroup;
			children = (
				CF547F8724C359A0007DCF39 /* MenuCell.swift */,
				CFD7A77F24C81A340082D9A3 /* FerryCell.swift */,
			);
			path = ViewModel;
			sourceTree = "<group>";
		};
		CF6B6EE924AF1A5300C18FD2 /* Model */ = {
			isa = PBXGroup;
			children = (
				CF6B6EEC24AF1A9600C18FD2 /* Timetable.swift */,
				CFEF2C1324CADCCE00DA70A4 /* Json.swift */,
				CFADD6BC24D875E900473F8D /* Holiday.swift */,
				CFA0543C256AD89400351CE3 /* Metadata.swift */,
			);
			path = Model;
			sourceTree = "<group>";
		};
		CF8CABCB24ACEBE500E7FCB4 /* Core */ = {
			isa = PBXGroup;
			children = (
				CF6B6EE924AF1A5300C18FD2 /* Model */,
				CF8CABCC24ACFD4700E7FCB4 /* ModelManager.swift */,
				CF547F8424C33C46007DCF39 /* Schedule.swift */,
			);
			path = Core;
			sourceTree = "<group>";
		};
		CFB5804424AB7AE000DC3C63 = {
			isa = PBXGroup;
			children = (
				CFB5804F24AB7AE000DC3C63 /* FerryTimetable3 */,
				CFB5806824AB7AE200DC3C63 /* FerryTimetable3Tests */,
				CFB5807324AB7AE200DC3C63 /* FerryTimetable3UITests */,
				CF0FF14224CAEE5300CB9676 /* Ferry widget */,
				CF0FF13F24CAEE5300CB9676 /* Frameworks */,
				CFB5804E24AB7AE000DC3C63 /* Products */,
				99FA93FC9DAE8A8D35C1EAC9 /* Pods */,
			);
			sourceTree = "<group>";
		};
		CFB5804E24AB7AE000DC3C63 /* Products */ = {
			isa = PBXGroup;
			children = (
				CFB5804D24AB7AE000DC3C63 /* HK Ferry.app */,
				CFB5806524AB7AE200DC3C63 /* FerryTimetable3Tests.xctest */,
				CFB5807024AB7AE200DC3C63 /* FerryTimetable3UITests.xctest */,
				CF0FF13E24CAEE5300CB9676 /* Ferry Timetable.appex */,
			);
			name = Products;
			sourceTree = "<group>";
		};
		CFB5804F24AB7AE000DC3C63 /* FerryTimetable3 */ = {
			isa = PBXGroup;
			children = (
				CF5A5AE024CB706400DDF6BB /* FerryTimetable3.entitlements */,
				CFB5805024AB7AE000DC3C63 /* AppDelegate.swift */,
				CFB5805224AB7AE000DC3C63 /* SceneDelegate.swift */,
				CFB5805424AB7AE000DC3C63 /* MasterViewController.swift */,
				CFB5805624AB7AE000DC3C63 /* DetailViewController.swift */,
				CFD7A77B24C814E20082D9A3 /* FerriesViewController.swift */,
				CFCC219124C83D370007ECA5 /* DatedFerriesTableViewController.swift */,
				CF1E4A4224ACDC9300D98F41 /* LeftAlignedCollectionViewFlowLayout.swift */,
				CFCC219724C9A9EF0007ECA5 /* SettingsViewController.swift */,
				CFA05443256B7EE800351CE3 /* MetadataViewController.swift */,
				CF8CABCB24ACEBE500E7FCB4 /* Core */,
				CFB5808424AB8C1C00DC3C63 /* UI Components */,
				CFB5805824AB7AE000DC3C63 /* Main.storyboard */,
				CFB5805B24AB7AE200DC3C63 /* Assets.xcassets */,
				CFB5805D24AB7AE200DC3C63 /* LaunchScreen.storyboard */,
				CFB5806024AB7AE200DC3C63 /* Info.plist */,
				CFC73E6A24D8391A00CA4F41 /* InfoPlist.strings */,
				CFC73E6124D8336E00CA4F41 /* Localizable.strings */,
				CF547F8224C339F9007DCF39 /* raws.json */,
				CFADD6BF24D878D500473F8D /* holidays.json */,
				CFA05449256B90CF00351CE3 /* metadatas.json */,
			);
			path = FerryTimetable3;
			sourceTree = "<group>";
		};
		CFB5806824AB7AE200DC3C63 /* FerryTimetable3Tests */ = {
			isa = PBXGroup;
			children = (
				CFB5806924AB7AE200DC3C63 /* FerryTimetable3Tests.swift */,
				CFB5806B24AB7AE200DC3C63 /* Info.plist */,
			);
			path = FerryTimetable3Tests;
			sourceTree = "<group>";
		};
		CFB5807324AB7AE200DC3C63 /* FerryTimetable3UITests */ = {
			isa = PBXGroup;
			children = (
				CFB5807424AB7AE200DC3C63 /* FerryTimetable3UITests.swift */,
				CFB5807624AB7AE200DC3C63 /* Info.plist */,
			);
			path = FerryTimetable3UITests;
			sourceTree = "<group>";
		};
		CFB5808424AB8C1C00DC3C63 /* UI Components */ = {
			isa = PBXGroup;
			children = (
				CF547F8624C3598A007DCF39 /* ViewModel */,
				CFB5808224AB884F00DC3C63 /* MenuTableViewCell.swift */,
				CFA35E02253B2C1500B10A4C /* FerrySimpleTableViewCell.swift */,
				CFD7A77D24C81A1E0082D9A3 /* FerriesTableViewCell.swift */,
				CF73374B253C3D160039A709 /* FerryTypeTableViewCell.swift */,
				CFCC219524C97F080007ECA5 /* DirectionSwitchingView.swift */,
				CFCC219924C9C90D0007ECA5 /* FerryDatePickerViewController.swift */,
				CFE1044B24CAB69B00AB1B80 /* SettingsView.swift */,
				CF5A5AE224CB757300DDF6BB /* CurrentScheduleView.swift */,
				CFA05453256BA96E00351CE3 /* FareTableViewCell.swift */,
			);
			path = "UI Components";
			sourceTree = "<group>";
		};
/* End PBXGroup section */

/* Begin PBXNativeTarget section */
		CF0FF13D24CAEE5300CB9676 /* Ferry widget */ = {
			isa = PBXNativeTarget;
			buildConfigurationList = CF0FF14F24CAEE5300CB9676 /* Build configuration list for PBXNativeTarget "Ferry widget" */;
			buildPhases = (
				02E6112DF67FAC4B61486871 /* [CP] Check Pods Manifest.lock */,
				CF0FF13A24CAEE5300CB9676 /* Sources */,
				CF0FF13B24CAEE5300CB9676 /* Frameworks */,
				CF0FF13C24CAEE5300CB9676 /* Resources */,
			);
			buildRules = (
			);
			dependencies = (
			);
			name = "Ferry widget";
			packageProductDependencies = (
				CF5A5AD924CAFBE200DDF6BB /* Alamofire */,
				CF5A5ADB24CAFBE600DDF6BB /* SnapKit */,
			);
			productName = "Ferry widget";
			productReference = CF0FF13E24CAEE5300CB9676 /* Ferry Timetable.appex */;
			productType = "com.apple.product-type.app-extension";
		};
		CFB5804C24AB7AE000DC3C63 /* FerryTimetable3 */ = {
			isa = PBXNativeTarget;
			buildConfigurationList = CFB5807924AB7AE200DC3C63 /* Build configuration list for PBXNativeTarget "FerryTimetable3" */;
			buildPhases = (
				A517051EB83291E943A086B6 /* [CP] Check Pods Manifest.lock */,
				CFB5804924AB7AE000DC3C63 /* Sources */,
				CFB5804A24AB7AE000DC3C63 /* Frameworks */,
				CFB5804B24AB7AE000DC3C63 /* Resources */,
				CF0FF14C24CAEE5300CB9676 /* Embed App Extensions */,
				2B66D74C40AD864304D12F9C /* [CP] Embed Pods Frameworks */,
			);
			buildRules = (
			);
			dependencies = (
				CF0FF14A24CAEE5300CB9676 /* PBXTargetDependency */,
			);
			name = FerryTimetable3;
			packageProductDependencies = (
				CF9C10EF24AE58F8001D13EC /* Alamofire */,
				CF716EC424C72A43007EA415 /* SnapKit */,
			);
			productName = FerryTimetable3;
			productReference = CFB5804D24AB7AE000DC3C63 /* HK Ferry.app */;
			productType = "com.apple.product-type.application";
		};
		CFB5806424AB7AE200DC3C63 /* FerryTimetable3Tests */ = {
			isa = PBXNativeTarget;
			buildConfigurationList = CFB5807C24AB7AE200DC3C63 /* Build configuration list for PBXNativeTarget "FerryTimetable3Tests" */;
			buildPhases = (
				05157E3C89380F5C399F4849 /* [CP] Check Pods Manifest.lock */,
				CFB5806124AB7AE200DC3C63 /* Sources */,
				CFB5806224AB7AE200DC3C63 /* Frameworks */,
				CFB5806324AB7AE200DC3C63 /* Resources */,
			);
			buildRules = (
			);
			dependencies = (
				CFB5806724AB7AE200DC3C63 /* PBXTargetDependency */,
			);
			name = FerryTimetable3Tests;
			productName = FerryTimetable3Tests;
			productReference = CFB5806524AB7AE200DC3C63 /* FerryTimetable3Tests.xctest */;
			productType = "com.apple.product-type.bundle.unit-test";
		};
		CFB5806F24AB7AE200DC3C63 /* FerryTimetable3UITests */ = {
			isa = PBXNativeTarget;
			buildConfigurationList = CFB5807F24AB7AE200DC3C63 /* Build configuration list for PBXNativeTarget "FerryTimetable3UITests" */;
			buildPhases = (
				72336DC6D103CA7F35C3B6CC /* [CP] Check Pods Manifest.lock */,
				CFB5806C24AB7AE200DC3C63 /* Sources */,
				CFB5806D24AB7AE200DC3C63 /* Frameworks */,
				CFB5806E24AB7AE200DC3C63 /* Resources */,
				5AB1ED3ADB32D2F16A1A2225 /* [CP] Embed Pods Frameworks */,
			);
			buildRules = (
			);
			dependencies = (
				CFB5807224AB7AE200DC3C63 /* PBXTargetDependency */,
			);
			name = FerryTimetable3UITests;
			productName = FerryTimetable3UITests;
			productReference = CFB5807024AB7AE200DC3C63 /* FerryTimetable3UITests.xctest */;
			productType = "com.apple.product-type.bundle.ui-testing";
		};
/* End PBXNativeTarget section */

/* Begin PBXProject section */
		CFB5804524AB7AE000DC3C63 /* Project object */ = {
			isa = PBXProject;
			attributes = {
				LastSwiftUpdateCheck = 1160;
				LastUpgradeCheck = 1130;
				ORGANIZATIONNAME = b123400;
				TargetAttributes = {
					CF0FF13D24CAEE5300CB9676 = {
						CreatedOnToolsVersion = 11.6;
					};
					CFB5804C24AB7AE000DC3C63 = {
						CreatedOnToolsVersion = 11.3.1;
					};
					CFB5806424AB7AE200DC3C63 = {
						CreatedOnToolsVersion = 11.3.1;
						TestTargetID = CFB5804C24AB7AE000DC3C63;
					};
					CFB5806F24AB7AE200DC3C63 = {
						CreatedOnToolsVersion = 11.3.1;
						TestTargetID = CFB5804C24AB7AE000DC3C63;
					};
				};
			};
			buildConfigurationList = CFB5804824AB7AE000DC3C63 /* Build configuration list for PBXProject "FerryTimetable3" */;
			compatibilityVersion = "Xcode 9.3";
			developmentRegion = en;
			hasScannedForEncodings = 0;
			knownRegions = (
				en,
				Base,
				"zh-HK",
				ja,
			);
			mainGroup = CFB5804424AB7AE000DC3C63;
			packageReferences = (
				CF9C10EE24AE58F8001D13EC /* XCRemoteSwiftPackageReference "Alamofire" */,
				CF716EC324C72A43007EA415 /* XCRemoteSwiftPackageReference "SnapKit" */,
			);
			productRefGroup = CFB5804E24AB7AE000DC3C63 /* Products */;
			projectDirPath = "";
			projectRoot = "";
			targets = (
				CFB5804C24AB7AE000DC3C63 /* FerryTimetable3 */,
				CFB5806424AB7AE200DC3C63 /* FerryTimetable3Tests */,
				CFB5806F24AB7AE200DC3C63 /* FerryTimetable3UITests */,
				CF0FF13D24CAEE5300CB9676 /* Ferry widget */,
			);
		};
/* End PBXProject section */

/* Begin PBXResourcesBuildPhase section */
		CF0FF13C24CAEE5300CB9676 /* Resources */ = {
			isa = PBXResourcesBuildPhase;
			buildActionMask = 2147483647;
			files = (
				CF5A5ADD24CAFC3200DDF6BB /* raws.json in Resources */,
				CFC73E6624D8369B00CA4F41 /* InfoPlist.strings in Resources */,
				CFC73E6024D8336E00CA4F41 /* Localizable.strings in Resources */,
				CF0FF14724CAEE5300CB9676 /* MainInterface.storyboard in Resources */,
				CFADD6C124D878D500473F8D /* holidays.json in Resources */,
			);
			runOnlyForDeploymentPostprocessing = 0;
		};
		CFB5804B24AB7AE000DC3C63 /* Resources */ = {
			isa = PBXResourcesBuildPhase;
			buildActionMask = 2147483647;
			files = (
				CFC73E6324D8336E00CA4F41 /* Localizable.strings in Resources */,
				CFC73E6C24D8391A00CA4F41 /* InfoPlist.strings in Resources */,
				CFB5805F24AB7AE200DC3C63 /* LaunchScreen.storyboard in Resources */,
				CF547F8324C339F9007DCF39 /* raws.json in Resources */,
				CFB5805C24AB7AE200DC3C63 /* Assets.xcassets in Resources */,
				CFADD6C024D878D500473F8D /* holidays.json in Resources */,
				CFA0544A256B90CF00351CE3 /* metadatas.json in Resources */,
				CFB5805A24AB7AE000DC3C63 /* Main.storyboard in Resources */,
			);
			runOnlyForDeploymentPostprocessing = 0;
		};
		CFB5806324AB7AE200DC3C63 /* Resources */ = {
			isa = PBXResourcesBuildPhase;
			buildActionMask = 2147483647;
			files = (
			);
			runOnlyForDeploymentPostprocessing = 0;
		};
		CFB5806E24AB7AE200DC3C63 /* Resources */ = {
			isa = PBXResourcesBuildPhase;
			buildActionMask = 2147483647;
			files = (
			);
			runOnlyForDeploymentPostprocessing = 0;
		};
/* End PBXResourcesBuildPhase section */

/* Begin PBXShellScriptBuildPhase section */
		02E6112DF67FAC4B61486871 /* [CP] Check Pods Manifest.lock */ = {
			isa = PBXShellScriptBuildPhase;
			buildActionMask = 2147483647;
			files = (
			);
			inputFileListPaths = (
			);
			inputPaths = (
				"${PODS_PODFILE_DIR_PATH}/Podfile.lock",
				"${PODS_ROOT}/Manifest.lock",
			);
			name = "[CP] Check Pods Manifest.lock";
			outputFileListPaths = (
			);
			outputPaths = (
				"$(DERIVED_FILE_DIR)/Pods-Ferry widget-checkManifestLockResult.txt",
			);
			runOnlyForDeploymentPostprocessing = 0;
			shellPath = /bin/sh;
			shellScript = "diff \"${PODS_PODFILE_DIR_PATH}/Podfile.lock\" \"${PODS_ROOT}/Manifest.lock\" > /dev/null\nif [ $? != 0 ] ; then\n    # print error to STDERR\n    echo \"error: The sandbox is not in sync with the Podfile.lock. Run 'pod install' or update your CocoaPods installation.\" >&2\n    exit 1\nfi\n# This output is used by Xcode 'outputs' to avoid re-running this script phase.\necho \"SUCCESS\" > \"${SCRIPT_OUTPUT_FILE_0}\"\n";
			showEnvVarsInLog = 0;
		};
		05157E3C89380F5C399F4849 /* [CP] Check Pods Manifest.lock */ = {
			isa = PBXShellScriptBuildPhase;
			buildActionMask = 2147483647;
			files = (
			);
			inputFileListPaths = (
			);
			inputPaths = (
				"${PODS_PODFILE_DIR_PATH}/Podfile.lock",
				"${PODS_ROOT}/Manifest.lock",
			);
			name = "[CP] Check Pods Manifest.lock";
			outputFileListPaths = (
			);
			outputPaths = (
				"$(DERIVED_FILE_DIR)/Pods-FerryTimetable3Tests-checkManifestLockResult.txt",
			);
			runOnlyForDeploymentPostprocessing = 0;
			shellPath = /bin/sh;
			shellScript = "diff \"${PODS_PODFILE_DIR_PATH}/Podfile.lock\" \"${PODS_ROOT}/Manifest.lock\" > /dev/null\nif [ $? != 0 ] ; then\n    # print error to STDERR\n    echo \"error: The sandbox is not in sync with the Podfile.lock. Run 'pod install' or update your CocoaPods installation.\" >&2\n    exit 1\nfi\n# This output is used by Xcode 'outputs' to avoid re-running this script phase.\necho \"SUCCESS\" > \"${SCRIPT_OUTPUT_FILE_0}\"\n";
			showEnvVarsInLog = 0;
		};
		2B66D74C40AD864304D12F9C /* [CP] Embed Pods Frameworks */ = {
			isa = PBXShellScriptBuildPhase;
			buildActionMask = 2147483647;
			files = (
			);
			inputFileListPaths = (
				"${PODS_ROOT}/Target Support Files/Pods-FerryTimetable3/Pods-FerryTimetable3-frameworks-${CONFIGURATION}-input-files.xcfilelist",
			);
			name = "[CP] Embed Pods Frameworks";
			outputFileListPaths = (
				"${PODS_ROOT}/Target Support Files/Pods-FerryTimetable3/Pods-FerryTimetable3-frameworks-${CONFIGURATION}-output-files.xcfilelist",
			);
			runOnlyForDeploymentPostprocessing = 0;
			shellPath = /bin/sh;
			shellScript = "\"${PODS_ROOT}/Target Support Files/Pods-FerryTimetable3/Pods-FerryTimetable3-frameworks.sh\"\n";
			showEnvVarsInLog = 0;
		};
		5AB1ED3ADB32D2F16A1A2225 /* [CP] Embed Pods Frameworks */ = {
			isa = PBXShellScriptBuildPhase;
			buildActionMask = 2147483647;
			files = (
			);
			inputFileListPaths = (
				"${PODS_ROOT}/Target Support Files/Pods-FerryTimetable3-FerryTimetable3UITests/Pods-FerryTimetable3-FerryTimetable3UITests-frameworks-${CONFIGURATION}-input-files.xcfilelist",
			);
			name = "[CP] Embed Pods Frameworks";
			outputFileListPaths = (
				"${PODS_ROOT}/Target Support Files/Pods-FerryTimetable3-FerryTimetable3UITests/Pods-FerryTimetable3-FerryTimetable3UITests-frameworks-${CONFIGURATION}-output-files.xcfilelist",
			);
			runOnlyForDeploymentPostprocessing = 0;
			shellPath = /bin/sh;
			shellScript = "\"${PODS_ROOT}/Target Support Files/Pods-FerryTimetable3-FerryTimetable3UITests/Pods-FerryTimetable3-FerryTimetable3UITests-frameworks.sh\"\n";
			showEnvVarsInLog = 0;
		};
		72336DC6D103CA7F35C3B6CC /* [CP] Check Pods Manifest.lock */ = {
			isa = PBXShellScriptBuildPhase;
			buildActionMask = 2147483647;
			files = (
			);
			inputFileListPaths = (
			);
			inputPaths = (
				"${PODS_PODFILE_DIR_PATH}/Podfile.lock",
				"${PODS_ROOT}/Manifest.lock",
			);
			name = "[CP] Check Pods Manifest.lock";
			outputFileListPaths = (
			);
			outputPaths = (
				"$(DERIVED_FILE_DIR)/Pods-FerryTimetable3-FerryTimetable3UITests-checkManifestLockResult.txt",
			);
			runOnlyForDeploymentPostprocessing = 0;
			shellPath = /bin/sh;
			shellScript = "diff \"${PODS_PODFILE_DIR_PATH}/Podfile.lock\" \"${PODS_ROOT}/Manifest.lock\" > /dev/null\nif [ $? != 0 ] ; then\n    # print error to STDERR\n    echo \"error: The sandbox is not in sync with the Podfile.lock. Run 'pod install' or update your CocoaPods installation.\" >&2\n    exit 1\nfi\n# This output is used by Xcode 'outputs' to avoid re-running this script phase.\necho \"SUCCESS\" > \"${SCRIPT_OUTPUT_FILE_0}\"\n";
			showEnvVarsInLog = 0;
		};
		A517051EB83291E943A086B6 /* [CP] Check Pods Manifest.lock */ = {
			isa = PBXShellScriptBuildPhase;
			buildActionMask = 2147483647;
			files = (
			);
			inputFileListPaths = (
			);
			inputPaths = (
				"${PODS_PODFILE_DIR_PATH}/Podfile.lock",
				"${PODS_ROOT}/Manifest.lock",
			);
			name = "[CP] Check Pods Manifest.lock";
			outputFileListPaths = (
			);
			outputPaths = (
				"$(DERIVED_FILE_DIR)/Pods-FerryTimetable3-checkManifestLockResult.txt",
			);
			runOnlyForDeploymentPostprocessing = 0;
			shellPath = /bin/sh;
			shellScript = "diff \"${PODS_PODFILE_DIR_PATH}/Podfile.lock\" \"${PODS_ROOT}/Manifest.lock\" > /dev/null\nif [ $? != 0 ] ; then\n    # print error to STDERR\n    echo \"error: The sandbox is not in sync with the Podfile.lock. Run 'pod install' or update your CocoaPods installation.\" >&2\n    exit 1\nfi\n# This output is used by Xcode 'outputs' to avoid re-running this script phase.\necho \"SUCCESS\" > \"${SCRIPT_OUTPUT_FILE_0}\"\n";
			showEnvVarsInLog = 0;
		};
/* End PBXShellScriptBuildPhase section */

/* Begin PBXSourcesBuildPhase section */
		CF0FF13A24CAEE5300CB9676 /* Sources */ = {
			isa = PBXSourcesBuildPhase;
			buildActionMask = 2147483647;
			files = (
				CF5A5AD824CAFB2000DDF6BB /* Json.swift in Sources */,
				CF0FF14424CAEE5300CB9676 /* TodayViewController.swift in Sources */,
				CFA0543E256AD89400351CE3 /* Metadata.swift in Sources */,
				CF5A5ADF24CB033000DDF6BB /* WidgetView.swift in Sources */,
				CFADD6BE24D8780000473F8D /* Holiday.swift in Sources */,
				CF5A5AD524CAFA6D00DDF6BB /* ModelManager.swift in Sources */,
				CF5A5AD624CAFA7000DDF6BB /* Schedule.swift in Sources */,
				CF5A5AD424CAFA2500DDF6BB /* MenuCell.swift in Sources */,
				CF5A5AD724CAFA8900DDF6BB /* Timetable.swift in Sources */,
				CF5A5AE424CB757300DDF6BB /* CurrentScheduleView.swift in Sources */,
			);
			runOnlyForDeploymentPostprocessing = 0;
		};
		CFB5804924AB7AE000DC3C63 /* Sources */ = {
			isa = PBXSourcesBuildPhase;
			buildActionMask = 2147483647;
			files = (
				CFB5805124AB7AE000DC3C63 /* AppDelegate.swift in Sources */,
				CF8CABCD24ACFD4700E7FCB4 /* ModelManager.swift in Sources */,
				CFD7A77C24C814E20082D9A3 /* FerriesViewController.swift in Sources */,
				CFE1044C24CAB69B00AB1B80 /* SettingsView.swift in Sources */,
				CFB5805324AB7AE000DC3C63 /* SceneDelegate.swift in Sources */,
				CF73374C253C3D160039A709 /* FerryTypeTableViewCell.swift in Sources */,
				CFD7A77E24C81A1E0082D9A3 /* FerriesTableViewCell.swift in Sources */,
				CF547F8524C33C46007DCF39 /* Schedule.swift in Sources */,
				CFCC219624C97F080007ECA5 /* DirectionSwitchingView.swift in Sources */,
				CFCC219824C9A9EF0007ECA5 /* SettingsViewController.swift in Sources */,
				CFA0543D256AD89400351CE3 /* Metadata.swift in Sources */,
				CFADD6BD24D875E900473F8D /* Holiday.swift in Sources */,
				CFCC219A24C9C90D0007ECA5 /* FerryDatePickerViewController.swift in Sources */,
				CFA05454256BA96E00351CE3 /* FareTableViewCell.swift in Sources */,
				CF1E4A4324ACDC9300D98F41 /* LeftAlignedCollectionViewFlowLayout.swift in Sources */,
				CFA35E03253B2C1500B10A4C /* FerrySimpleTableViewCell.swift in Sources */,
				CFD7A78024C81A340082D9A3 /* FerryCell.swift in Sources */,
				CFB5805524AB7AE000DC3C63 /* MasterViewController.swift in Sources */,
				CFA05444256B7EE800351CE3 /* MetadataViewController.swift in Sources */,
				CF5A5AE324CB757300DDF6BB /* CurrentScheduleView.swift in Sources */,
				CF547F8824C359A0007DCF39 /* MenuCell.swift in Sources */,
				CF6B6EED24AF1A9600C18FD2 /* Timetable.swift in Sources */,
				CFB5805724AB7AE000DC3C63 /* DetailViewController.swift in Sources */,
				CFEF2C1424CADCCE00DA70A4 /* Json.swift in Sources */,
				CFB5808324AB884F00DC3C63 /* MenuTableViewCell.swift in Sources */,
				CFCC219224C83D370007ECA5 /* DatedFerriesTableViewController.swift in Sources */,
			);
			runOnlyForDeploymentPostprocessing = 0;
		};
		CFB5806124AB7AE200DC3C63 /* Sources */ = {
			isa = PBXSourcesBuildPhase;
			buildActionMask = 2147483647;
			files = (
				CFB5806A24AB7AE200DC3C63 /* FerryTimetable3Tests.swift in Sources */,
			);
			runOnlyForDeploymentPostprocessing = 0;
		};
		CFB5806C24AB7AE200DC3C63 /* Sources */ = {
			isa = PBXSourcesBuildPhase;
			buildActionMask = 2147483647;
			files = (
				CFB5807524AB7AE200DC3C63 /* FerryTimetable3UITests.swift in Sources */,
			);
			runOnlyForDeploymentPostprocessing = 0;
		};
/* End PBXSourcesBuildPhase section */

/* Begin PBXTargetDependency section */
		CF0FF14A24CAEE5300CB9676 /* PBXTargetDependency */ = {
			isa = PBXTargetDependency;
			target = CF0FF13D24CAEE5300CB9676 /* Ferry widget */;
			targetProxy = CF0FF14924CAEE5300CB9676 /* PBXContainerItemProxy */;
		};
		CFB5806724AB7AE200DC3C63 /* PBXTargetDependency */ = {
			isa = PBXTargetDependency;
			target = CFB5804C24AB7AE000DC3C63 /* FerryTimetable3 */;
			targetProxy = CFB5806624AB7AE200DC3C63 /* PBXContainerItemProxy */;
		};
		CFB5807224AB7AE200DC3C63 /* PBXTargetDependency */ = {
			isa = PBXTargetDependency;
			target = CFB5804C24AB7AE000DC3C63 /* FerryTimetable3 */;
			targetProxy = CFB5807124AB7AE200DC3C63 /* PBXContainerItemProxy */;
		};
/* End PBXTargetDependency section */

/* Begin PBXVariantGroup section */
		CF0FF14524CAEE5300CB9676 /* MainInterface.storyboard */ = {
			isa = PBXVariantGroup;
			children = (
				CF0FF14624CAEE5300CB9676 /* Base */,
				CFC73E5A24D8308700CA4F41 /* zh-HK */,
				CFC73E6924D8376C00CA4F41 /* ja */,
			);
			name = MainInterface.storyboard;
			sourceTree = "<group>";
		};
		CFB5805824AB7AE000DC3C63 /* Main.storyboard */ = {
			isa = PBXVariantGroup;
			children = (
				CFB5805924AB7AE000DC3C63 /* Base */,
				CFC73E5824D8308700CA4F41 /* zh-HK */,
				CFC73E6724D8376B00CA4F41 /* ja */,
			);
			name = Main.storyboard;
			sourceTree = "<group>";
		};
		CFB5805D24AB7AE200DC3C63 /* LaunchScreen.storyboard */ = {
			isa = PBXVariantGroup;
			children = (
				CFB5805E24AB7AE200DC3C63 /* Base */,
				CFC73E5924D8308700CA4F41 /* zh-HK */,
				CFC73E6824D8376C00CA4F41 /* ja */,
			);
			name = LaunchScreen.storyboard;
			sourceTree = "<group>";
		};
		CFC73E5E24D8336E00CA4F41 /* Localizable.strings */ = {
			isa = PBXVariantGroup;
			children = (
				CFC73E5F24D8336E00CA4F41 /* zh-HK */,
				CFC73E6E24D8391A00CA4F41 /* ja */,
			);
			name = Localizable.strings;
			sourceTree = "<group>";
		};
		CFC73E6124D8336E00CA4F41 /* Localizable.strings */ = {
			isa = PBXVariantGroup;
			children = (
				CFC73E6224D8336E00CA4F41 /* zh-HK */,
				CFC73E6F24D8391A00CA4F41 /* ja */,
			);
			name = Localizable.strings;
			sourceTree = "<group>";
		};
		CFC73E6424D8369B00CA4F41 /* InfoPlist.strings */ = {
			isa = PBXVariantGroup;
			children = (
				CFC73E6524D8369B00CA4F41 /* zh-HK */,
				CFC73E6D24D8391A00CA4F41 /* ja */,
			);
			name = InfoPlist.strings;
			sourceTree = "<group>";
		};
		CFC73E6A24D8391A00CA4F41 /* InfoPlist.strings */ = {
			isa = PBXVariantGroup;
			children = (
				CFC73E6B24D8391A00CA4F41 /* ja */,
			);
			name = InfoPlist.strings;
			sourceTree = "<group>";
		};
/* End PBXVariantGroup section */

/* Begin XCBuildConfiguration section */
		CF0FF14D24CAEE5300CB9676 /* Debug */ = {
			isa = XCBuildConfiguration;
			baseConfigurationReference = 39DC1B13C842C22A2CD44B62 /* Pods-Ferry widget.debug.xcconfig */;
			buildSettings = {
				CODE_SIGN_ENTITLEMENTS = "Ferry widget/Ferry Timetable.entitlements";
				CODE_SIGN_STYLE = Automatic;
				CURRENT_PROJECT_VERSION = 1;
				DEVELOPMENT_TEAM = CC63FD9H8S;
				INFOPLIST_FILE = "Ferry widget/Info.plist";
				IPHONEOS_DEPLOYMENT_TARGET = 13.0;
				LD_RUNPATH_SEARCH_PATHS = (
					"$(inherited)",
					"@executable_path/Frameworks",
					"@executable_path/../../Frameworks",
				);
				MARKETING_VERSION = 3.3.0;
				PRODUCT_BUNDLE_IDENTIFIER = "net.b123400.ferriestimetable.Ferry-widget";
				PRODUCT_NAME = "Ferry Timetable";
				SKIP_INSTALL = YES;
				SWIFT_VERSION = 5.0;
				TARGETED_DEVICE_FAMILY = "1,2";
			};
			name = Debug;
		};
		CF0FF14E24CAEE5300CB9676 /* Release */ = {
			isa = XCBuildConfiguration;
			baseConfigurationReference = 244636FAD014D717BA161343 /* Pods-Ferry widget.release.xcconfig */;
			buildSettings = {
				CODE_SIGN_ENTITLEMENTS = "Ferry widget/Ferry Timetable.entitlements";
				CODE_SIGN_STYLE = Automatic;
				CURRENT_PROJECT_VERSION = 1;
				DEVELOPMENT_TEAM = CC63FD9H8S;
				INFOPLIST_FILE = "Ferry widget/Info.plist";
				IPHONEOS_DEPLOYMENT_TARGET = 13.0;
				LD_RUNPATH_SEARCH_PATHS = (
					"$(inherited)",
					"@executable_path/Frameworks",
					"@executable_path/../../Frameworks",
				);
				MARKETING_VERSION = 3.3.0;
				PRODUCT_BUNDLE_IDENTIFIER = "net.b123400.ferriestimetable.Ferry-widget";
				PRODUCT_NAME = "Ferry Timetable";
				SKIP_INSTALL = YES;
				SWIFT_VERSION = 5.0;
				TARGETED_DEVICE_FAMILY = "1,2";
			};
			name = Release;
		};
		CFB5807724AB7AE200DC3C63 /* Debug */ = {
			isa = XCBuildConfiguration;
			buildSettings = {
				ALWAYS_SEARCH_USER_PATHS = NO;
				CLANG_ANALYZER_LOCALIZABILITY_NONLOCALIZED = YES;
				CLANG_ANALYZER_NONNULL = YES;
				CLANG_ANALYZER_NUMBER_OBJECT_CONVERSION = YES_AGGRESSIVE;
				CLANG_CXX_LANGUAGE_STANDARD = "gnu++14";
				CLANG_CXX_LIBRARY = "libc++";
				CLANG_ENABLE_MODULES = YES;
				CLANG_ENABLE_OBJC_ARC = YES;
				CLANG_ENABLE_OBJC_WEAK = YES;
				CLANG_WARN_BLOCK_CAPTURE_AUTORELEASING = YES;
				CLANG_WARN_BOOL_CONVERSION = YES;
				CLANG_WARN_COMMA = YES;
				CLANG_WARN_CONSTANT_CONVERSION = YES;
				CLANG_WARN_DEPRECATED_OBJC_IMPLEMENTATIONS = YES;
				CLANG_WARN_DIRECT_OBJC_ISA_USAGE = YES_ERROR;
				CLANG_WARN_DOCUMENTATION_COMMENTS = YES;
				CLANG_WARN_EMPTY_BODY = YES;
				CLANG_WARN_ENUM_CONVERSION = YES;
				CLANG_WARN_INFINITE_RECURSION = YES;
				CLANG_WARN_INT_CONVERSION = YES;
				CLANG_WARN_NON_LITERAL_NULL_CONVERSION = YES;
				CLANG_WARN_OBJC_IMPLICIT_RETAIN_SELF = YES;
				CLANG_WARN_OBJC_LITERAL_CONVERSION = YES;
				CLANG_WARN_OBJC_ROOT_CLASS = YES_ERROR;
				CLANG_WARN_RANGE_LOOP_ANALYSIS = YES;
				CLANG_WARN_STRICT_PROTOTYPES = YES;
				CLANG_WARN_SUSPICIOUS_MOVE = YES;
				CLANG_WARN_UNGUARDED_AVAILABILITY = YES_AGGRESSIVE;
				CLANG_WARN_UNREACHABLE_CODE = YES;
				CLANG_WARN__DUPLICATE_METHOD_MATCH = YES;
				COPY_PHASE_STRIP = NO;
				DEBUG_INFORMATION_FORMAT = dwarf;
				ENABLE_STRICT_OBJC_MSGSEND = YES;
				ENABLE_TESTABILITY = YES;
				GCC_C_LANGUAGE_STANDARD = gnu11;
				GCC_DYNAMIC_NO_PIC = NO;
				GCC_NO_COMMON_BLOCKS = YES;
				GCC_OPTIMIZATION_LEVEL = 0;
				GCC_PREPROCESSOR_DEFINITIONS = (
					"DEBUG=1",
					"$(inherited)",
				);
				GCC_WARN_64_TO_32_BIT_CONVERSION = YES;
				GCC_WARN_ABOUT_RETURN_TYPE = YES_ERROR;
				GCC_WARN_UNDECLARED_SELECTOR = YES;
				GCC_WARN_UNINITIALIZED_AUTOS = YES_AGGRESSIVE;
				GCC_WARN_UNUSED_FUNCTION = YES;
				GCC_WARN_UNUSED_VARIABLE = YES;
				IPHONEOS_DEPLOYMENT_TARGET = 13.0;
				MTL_ENABLE_DEBUG_INFO = INCLUDE_SOURCE;
				MTL_FAST_MATH = YES;
				ONLY_ACTIVE_ARCH = YES;
				SDKROOT = iphoneos;
				SWIFT_ACTIVE_COMPILATION_CONDITIONS = DEBUG;
				SWIFT_OPTIMIZATION_LEVEL = "-Onone";
			};
			name = Debug;
		};
		CFB5807824AB7AE200DC3C63 /* Release */ = {
			isa = XCBuildConfiguration;
			buildSettings = {
				ALWAYS_SEARCH_USER_PATHS = NO;
				CLANG_ANALYZER_LOCALIZABILITY_NONLOCALIZED = YES;
				CLANG_ANALYZER_NONNULL = YES;
				CLANG_ANALYZER_NUMBER_OBJECT_CONVERSION = YES_AGGRESSIVE;
				CLANG_CXX_LANGUAGE_STANDARD = "gnu++14";
				CLANG_CXX_LIBRARY = "libc++";
				CLANG_ENABLE_MODULES = YES;
				CLANG_ENABLE_OBJC_ARC = YES;
				CLANG_ENABLE_OBJC_WEAK = YES;
				CLANG_WARN_BLOCK_CAPTURE_AUTORELEASING = YES;
				CLANG_WARN_BOOL_CONVERSION = YES;
				CLANG_WARN_COMMA = YES;
				CLANG_WARN_CONSTANT_CONVERSION = YES;
				CLANG_WARN_DEPRECATED_OBJC_IMPLEMENTATIONS = YES;
				CLANG_WARN_DIRECT_OBJC_ISA_USAGE = YES_ERROR;
				CLANG_WARN_DOCUMENTATION_COMMENTS = YES;
				CLANG_WARN_EMPTY_BODY = YES;
				CLANG_WARN_ENUM_CONVERSION = YES;
				CLANG_WARN_INFINITE_RECURSION = YES;
				CLANG_WARN_INT_CONVERSION = YES;
				CLANG_WARN_NON_LITERAL_NULL_CONVERSION = YES;
				CLANG_WARN_OBJC_IMPLICIT_RETAIN_SELF = YES;
				CLANG_WARN_OBJC_LITERAL_CONVERSION = YES;
				CLANG_WARN_OBJC_ROOT_CLASS = YES_ERROR;
				CLANG_WARN_RANGE_LOOP_ANALYSIS = YES;
				CLANG_WARN_STRICT_PROTOTYPES = YES;
				CLANG_WARN_SUSPICIOUS_MOVE = YES;
				CLANG_WARN_UNGUARDED_AVAILABILITY = YES_AGGRESSIVE;
				CLANG_WARN_UNREACHABLE_CODE = YES;
				CLANG_WARN__DUPLICATE_METHOD_MATCH = YES;
				COPY_PHASE_STRIP = NO;
				DEBUG_INFORMATION_FORMAT = "dwarf-with-dsym";
				ENABLE_NS_ASSERTIONS = NO;
				ENABLE_STRICT_OBJC_MSGSEND = YES;
				GCC_C_LANGUAGE_STANDARD = gnu11;
				GCC_NO_COMMON_BLOCKS = YES;
				GCC_WARN_64_TO_32_BIT_CONVERSION = YES;
				GCC_WARN_ABOUT_RETURN_TYPE = YES_ERROR;
				GCC_WARN_UNDECLARED_SELECTOR = YES;
				GCC_WARN_UNINITIALIZED_AUTOS = YES_AGGRESSIVE;
				GCC_WARN_UNUSED_FUNCTION = YES;
				GCC_WARN_UNUSED_VARIABLE = YES;
				IPHONEOS_DEPLOYMENT_TARGET = 13.0;
				MTL_ENABLE_DEBUG_INFO = NO;
				MTL_FAST_MATH = YES;
				SDKROOT = iphoneos;
				SWIFT_COMPILATION_MODE = wholemodule;
				SWIFT_OPTIMIZATION_LEVEL = "-O";
				VALIDATE_PRODUCT = YES;
			};
			name = Release;
		};
		CFB5807A24AB7AE200DC3C63 /* Debug */ = {
			isa = XCBuildConfiguration;
			baseConfigurationReference = A5945BE56A9DE1E51BB46169 /* Pods-FerryTimetable3.debug.xcconfig */;
			buildSettings = {
				ALWAYS_EMBED_SWIFT_STANDARD_LIBRARIES = YES;
				ASSETCATALOG_COMPILER_APPICON_NAME = AppIcon;
				CODE_SIGN_ENTITLEMENTS = FerryTimetable3/FerryTimetable3.entitlements;
				CODE_SIGN_STYLE = Automatic;
				CURRENT_PROJECT_VERSION = 1;
				DEVELOPMENT_TEAM = CC63FD9H8S;
				INFOPLIST_FILE = FerryTimetable3/Info.plist;
				IPHONEOS_DEPLOYMENT_TARGET = 13.0;
				LD_RUNPATH_SEARCH_PATHS = (
					"$(inherited)",
					"@executable_path/Frameworks",
				);
				MARKETING_VERSION = 3.3.0;
				PRODUCT_BUNDLE_IDENTIFIER = net.b123400.ferriestimetable;
				PRODUCT_NAME = "HK Ferry";
				SWIFT_VERSION = 5.0;
				TARGETED_DEVICE_FAMILY = "1,2";
			};
			name = Debug;
		};
		CFB5807B24AB7AE200DC3C63 /* Release */ = {
			isa = XCBuildConfiguration;
			baseConfigurationReference = 23BEAD2ADC9504AFFD629656 /* Pods-FerryTimetable3.release.xcconfig */;
			buildSettings = {
				ALWAYS_EMBED_SWIFT_STANDARD_LIBRARIES = YES;
				ASSETCATALOG_COMPILER_APPICON_NAME = AppIcon;
				CODE_SIGN_ENTITLEMENTS = FerryTimetable3/FerryTimetable3.entitlements;
				CODE_SIGN_STYLE = Automatic;
				CURRENT_PROJECT_VERSION = 1;
				DEVELOPMENT_TEAM = CC63FD9H8S;
				INFOPLIST_FILE = FerryTimetable3/Info.plist;
				IPHONEOS_DEPLOYMENT_TARGET = 13.0;
				LD_RUNPATH_SEARCH_PATHS = (
					"$(inherited)",
					"@executable_path/Frameworks",
				);
				MARKETING_VERSION = 3.3.0;
				PRODUCT_BUNDLE_IDENTIFIER = net.b123400.ferriestimetable;
				PRODUCT_NAME = "HK Ferry";
				SWIFT_VERSION = 5.0;
				TARGETED_DEVICE_FAMILY = "1,2";
			};
			name = Release;
		};
		CFB5807D24AB7AE200DC3C63 /* Debug */ = {
			isa = XCBuildConfiguration;
			baseConfigurationReference = 79217DA274E012E41226FB6D /* Pods-FerryTimetable3Tests.debug.xcconfig */;
			buildSettings = {
				ALWAYS_EMBED_SWIFT_STANDARD_LIBRARIES = YES;
				BUNDLE_LOADER = "$(TEST_HOST)";
				CODE_SIGN_STYLE = Automatic;
				DEVELOPMENT_TEAM = CC63FD9H8S;
				INFOPLIST_FILE = FerryTimetable3Tests/Info.plist;
				IPHONEOS_DEPLOYMENT_TARGET = 13.2;
				LD_RUNPATH_SEARCH_PATHS = (
					"$(inherited)",
					"@executable_path/Frameworks",
					"@loader_path/Frameworks",
				);
				PRODUCT_BUNDLE_IDENTIFIER = net.b123400.FerryTimetable3Tests;
				PRODUCT_NAME = "$(TARGET_NAME)";
				SWIFT_VERSION = 5.0;
				TARGETED_DEVICE_FAMILY = "1,2";
				TEST_HOST = "$(BUILT_PRODUCTS_DIR)/FerryTimetable3.app/FerryTimetable3";
			};
			name = Debug;
		};
		CFB5807E24AB7AE200DC3C63 /* Release */ = {
			isa = XCBuildConfiguration;
			baseConfigurationReference = BFD56B463AE99EE32B831115 /* Pods-FerryTimetable3Tests.release.xcconfig */;
			buildSettings = {
				ALWAYS_EMBED_SWIFT_STANDARD_LIBRARIES = YES;
				BUNDLE_LOADER = "$(TEST_HOST)";
				CODE_SIGN_STYLE = Automatic;
				DEVELOPMENT_TEAM = CC63FD9H8S;
				INFOPLIST_FILE = FerryTimetable3Tests/Info.plist;
				IPHONEOS_DEPLOYMENT_TARGET = 13.2;
				LD_RUNPATH_SEARCH_PATHS = (
					"$(inherited)",
					"@executable_path/Frameworks",
					"@loader_path/Frameworks",
				);
				PRODUCT_BUNDLE_IDENTIFIER = net.b123400.FerryTimetable3Tests;
				PRODUCT_NAME = "$(TARGET_NAME)";
				SWIFT_VERSION = 5.0;
				TARGETED_DEVICE_FAMILY = "1,2";
				TEST_HOST = "$(BUILT_PRODUCTS_DIR)/FerryTimetable3.app/FerryTimetable3";
			};
			name = Release;
		};
		CFB5808024AB7AE200DC3C63 /* Debug */ = {
			isa = XCBuildConfiguration;
			baseConfigurationReference = 85654B12E7EC603666BFC3D5 /* Pods-FerryTimetable3-FerryTimetable3UITests.debug.xcconfig */;
			buildSettings = {
				ALWAYS_EMBED_SWIFT_STANDARD_LIBRARIES = YES;
				CODE_SIGN_STYLE = Automatic;
				DEVELOPMENT_TEAM = CC63FD9H8S;
				INFOPLIST_FILE = FerryTimetable3UITests/Info.plist;
				LD_RUNPATH_SEARCH_PATHS = (
					"$(inherited)",
					"@executable_path/Frameworks",
					"@loader_path/Frameworks",
				);
				PRODUCT_BUNDLE_IDENTIFIER = net.b123400.FerryTimetable3UITests;
				PRODUCT_NAME = "$(TARGET_NAME)";
				SWIFT_VERSION = 5.0;
				TARGETED_DEVICE_FAMILY = "1,2";
				TEST_TARGET_NAME = FerryTimetable3;
			};
			name = Debug;
		};
		CFB5808124AB7AE200DC3C63 /* Release */ = {
			isa = XCBuildConfiguration;
			baseConfigurationReference = 53FFFABA73ED1BAB2802EF68 /* Pods-FerryTimetable3-FerryTimetable3UITests.release.xcconfig */;
			buildSettings = {
				ALWAYS_EMBED_SWIFT_STANDARD_LIBRARIES = YES;
				CODE_SIGN_STYLE = Automatic;
				DEVELOPMENT_TEAM = CC63FD9H8S;
				INFOPLIST_FILE = FerryTimetable3UITests/Info.plist;
				LD_RUNPATH_SEARCH_PATHS = (
					"$(inherited)",
					"@executable_path/Frameworks",
					"@loader_path/Frameworks",
				);
				PRODUCT_BUNDLE_IDENTIFIER = net.b123400.FerryTimetable3UITests;
				PRODUCT_NAME = "$(TARGET_NAME)";
				SWIFT_VERSION = 5.0;
				TARGETED_DEVICE_FAMILY = "1,2";
				TEST_TARGET_NAME = FerryTimetable3;
			};
			name = Release;
		};
/* End XCBuildConfiguration section */

/* Begin XCConfigurationList section */
		CF0FF14F24CAEE5300CB9676 /* Build configuration list for PBXNativeTarget "Ferry widget" */ = {
			isa = XCConfigurationList;
			buildConfigurations = (
				CF0FF14D24CAEE5300CB9676 /* Debug */,
				CF0FF14E24CAEE5300CB9676 /* Release */,
			);
			defaultConfigurationIsVisible = 0;
			defaultConfigurationName = Release;
		};
		CFB5804824AB7AE000DC3C63 /* Build configuration list for PBXProject "FerryTimetable3" */ = {
			isa = XCConfigurationList;
			buildConfigurations = (
				CFB5807724AB7AE200DC3C63 /* Debug */,
				CFB5807824AB7AE200DC3C63 /* Release */,
			);
			defaultConfigurationIsVisible = 0;
			defaultConfigurationName = Release;
		};
		CFB5807924AB7AE200DC3C63 /* Build configuration list for PBXNativeTarget "FerryTimetable3" */ = {
			isa = XCConfigurationList;
			buildConfigurations = (
				CFB5807A24AB7AE200DC3C63 /* Debug */,
				CFB5807B24AB7AE200DC3C63 /* Release */,
			);
			defaultConfigurationIsVisible = 0;
			defaultConfigurationName = Release;
		};
		CFB5807C24AB7AE200DC3C63 /* Build configuration list for PBXNativeTarget "FerryTimetable3Tests" */ = {
			isa = XCConfigurationList;
			buildConfigurations = (
				CFB5807D24AB7AE200DC3C63 /* Debug */,
				CFB5807E24AB7AE200DC3C63 /* Release */,
			);
			defaultConfigurationIsVisible = 0;
			defaultConfigurationName = Release;
		};
		CFB5807F24AB7AE200DC3C63 /* Build configuration list for PBXNativeTarget "FerryTimetable3UITests" */ = {
			isa = XCConfigurationList;
			buildConfigurations = (
				CFB5808024AB7AE200DC3C63 /* Debug */,
				CFB5808124AB7AE200DC3C63 /* Release */,
			);
			defaultConfigurationIsVisible = 0;
			defaultConfigurationName = Release;
		};
/* End XCConfigurationList section */

/* Begin XCRemoteSwiftPackageReference section */
		CF716EC324C72A43007EA415 /* XCRemoteSwiftPackageReference "SnapKit" */ = {
			isa = XCRemoteSwiftPackageReference;
			repositoryURL = "https://github.com/SnapKit/SnapKit.git";
			requirement = {
				kind = upToNextMajorVersion;
				minimumVersion = 5.0.1;
			};
		};
		CF9C10EE24AE58F8001D13EC /* XCRemoteSwiftPackageReference "Alamofire" */ = {
			isa = XCRemoteSwiftPackageReference;
			repositoryURL = "https://github.com/Alamofire/Alamofire.git";
			requirement = {
				kind = upToNextMajorVersion;
				minimumVersion = 5.2.1;
			};
		};
/* End XCRemoteSwiftPackageReference section */

/* Begin XCSwiftPackageProductDependency section */
		CF5A5AD924CAFBE200DDF6BB /* Alamofire */ = {
			isa = XCSwiftPackageProductDependency;
			package = CF9C10EE24AE58F8001D13EC /* XCRemoteSwiftPackageReference "Alamofire" */;
			productName = Alamofire;
		};
		CF5A5ADB24CAFBE600DDF6BB /* SnapKit */ = {
			isa = XCSwiftPackageProductDependency;
			package = CF716EC324C72A43007EA415 /* XCRemoteSwiftPackageReference "SnapKit" */;
			productName = SnapKit;
		};
		CF716EC424C72A43007EA415 /* SnapKit */ = {
			isa = XCSwiftPackageProductDependency;
			package = CF716EC324C72A43007EA415 /* XCRemoteSwiftPackageReference "SnapKit" */;
			productName = SnapKit;
		};
		CF9C10EF24AE58F8001D13EC /* Alamofire */ = {
			isa = XCSwiftPackageProductDependency;
			package = CF9C10EE24AE58F8001D13EC /* XCRemoteSwiftPackageReference "Alamofire" */;
			productName = Alamofire;
		};
/* End XCSwiftPackageProductDependency section */
	};
	rootObject = CFB5804524AB7AE000DC3C63 /* Project object */;
}
