// !$*UTF8*$!
{
	archiveVersion = 1;
	classes = {
	};
	objectVersion = 52;
	objects = {

/* Begin PBXBuildFile section */
		CF1E4A4324ACDC9300D98F41 /* LeftAlignedCollectionViewFlowLayout.swift in Sources */ = {isa = PBXBuildFile; fileRef = CF1E4A4224ACDC9300D98F41 /* LeftAlignedCollectionViewFlowLayout.swift */; };
		CF547F8324C339F9007DCF39 /* raws.json in Resources */ = {isa = PBXBuildFile; fileRef = CF547F8224C339F9007DCF39 /* raws.json */; };
		CF547F8524C33C46007DCF39 /* Schedule.swift in Sources */ = {isa = PBXBuildFile; fileRef = CF547F8424C33C46007DCF39 /* Schedule.swift */; };
		CF547F8824C359A0007DCF39 /* MenuCell.swift in Sources */ = {isa = PBXBuildFile; fileRef = CF547F8724C359A0007DCF39 /* MenuCell.swift */; };
		CF6B6EED24AF1A9600C18FD2 /* Timetable.swift in Sources */ = {isa = PBXBuildFile; fileRef = CF6B6EEC24AF1A9600C18FD2 /* Timetable.swift */; };
		CF716EC524C72A43007EA415 /* SnapKit in Frameworks */ = {isa = PBXBuildFile; productRef = CF716EC424C72A43007EA415 /* SnapKit */; };
		CF8CABCD24ACFD4700E7FCB4 /* ModelManager.swift in Sources */ = {isa = PBXBuildFile; fileRef = CF8CABCC24ACFD4700E7FCB4 /* ModelManager.swift */; };
		CF9C10F024AE58F8001D13EC /* Alamofire in Frameworks */ = {isa = PBXBuildFile; productRef = CF9C10EF24AE58F8001D13EC /* Alamofire */; };
		CFB5805124AB7AE000DC3C63 /* AppDelegate.swift in Sources */ = {isa = PBXBuildFile; fileRef = CFB5805024AB7AE000DC3C63 /* AppDelegate.swift */; };
		CFB5805324AB7AE000DC3C63 /* SceneDelegate.swift in Sources */ = {isa = PBXBuildFile; fileRef = CFB5805224AB7AE000DC3C63 /* SceneDelegate.swift */; };
		CFB5805524AB7AE000DC3C63 /* MasterViewController.swift in Sources */ = {isa = PBXBuildFile; fileRef = CFB5805424AB7AE000DC3C63 /* MasterViewController.swift */; };
		CFB5805724AB7AE000DC3C63 /* DetailViewController.swift in Sources */ = {isa = PBXBuildFile; fileRef = CFB5805624AB7AE000DC3C63 /* DetailViewController.swift */; };
		CFB5805A24AB7AE000DC3C63 /* Main.storyboard in Resources */ = {isa = PBXBuildFile; fileRef = CFB5805824AB7AE000DC3C63 /* Main.storyboard */; };
		CFB5805C24AB7AE200DC3C63 /* Assets.xcassets in Resources */ = {isa = PBXBuildFile; fileRef = CFB5805B24AB7AE200DC3C63 /* Assets.xcassets */; };
		CFB5805F24AB7AE200DC3C63 /* LaunchScreen.storyboard in Resources */ = {isa = PBXBuildFile; fileRef = CFB5805D24AB7AE200DC3C63 /* LaunchScreen.storyboard */; };
		CFB5806A24AB7AE200DC3C63 /* FerryTimetable3Tests.swift in Sources */ = {isa = PBXBuildFile; fileRef = CFB5806924AB7AE200DC3C63 /* FerryTimetable3Tests.swift */; };
		CFB5807524AB7AE200DC3C63 /* FerryTimetable3UITests.swift in Sources */ = {isa = PBXBuildFile; fileRef = CFB5807424AB7AE200DC3C63 /* FerryTimetable3UITests.swift */; };
		CFB5808324AB884F00DC3C63 /* MenuCollectionViewCell.swift in Sources */ = {isa = PBXBuildFile; fileRef = CFB5808224AB884F00DC3C63 /* MenuCollectionViewCell.swift */; };
		CFCC219224C83D370007ECA5 /* DatedFerriesTableViewController.swift in Sources */ = {isa = PBXBuildFile; fileRef = CFCC219124C83D370007ECA5 /* DatedFerriesTableViewController.swift */; };
		CFCC219624C97F080007ECA5 /* DirectionSwitchingView.swift in Sources */ = {isa = PBXBuildFile; fileRef = CFCC219524C97F080007ECA5 /* DirectionSwitchingView.swift */; };
		CFD7A77C24C814E20082D9A3 /* FerriesViewController.swift in Sources */ = {isa = PBXBuildFile; fileRef = CFD7A77B24C814E20082D9A3 /* FerriesViewController.swift */; };
		CFD7A77E24C81A1E0082D9A3 /* FerriesTableViewCell.swift in Sources */ = {isa = PBXBuildFile; fileRef = CFD7A77D24C81A1E0082D9A3 /* FerriesTableViewCell.swift */; };
		CFD7A78024C81A340082D9A3 /* FerryCell.swift in Sources */ = {isa = PBXBuildFile; fileRef = CFD7A77F24C81A340082D9A3 /* FerryCell.swift */; };
/* End PBXBuildFile section */

/* Begin PBXContainerItemProxy section */
		CFB5806624AB7AE200DC3C63 /* PBXContainerItemProxy */ = {
			isa = PBXContainerItemProxy;
			containerPortal = CFB5804524AB7AE000DC3C63 /* Project object */;
			proxyType = 1;
			remoteGlobalIDString = CFB5804C24AB7AE000DC3C63;
			remoteInfo = FerryTimetable3;
		};
		CFB5807124AB7AE200DC3C63 /* PBXContainerItemProxy */ = {
			isa = PBXContainerItemProxy;
			containerPortal = CFB5804524AB7AE000DC3C63 /* Project object */;
			proxyType = 1;
			remoteGlobalIDString = CFB5804C24AB7AE000DC3C63;
			remoteInfo = FerryTimetable3;
		};
/* End PBXContainerItemProxy section */

/* Begin PBXFileReference section */
		CF1E4A4224ACDC9300D98F41 /* LeftAlignedCollectionViewFlowLayout.swift */ = {isa = PBXFileReference; lastKnownFileType = sourcecode.swift; path = LeftAlignedCollectionViewFlowLayout.swift; sourceTree = "<group>"; };
		CF547F8224C339F9007DCF39 /* raws.json */ = {isa = PBXFileReference; fileEncoding = 4; lastKnownFileType = text.json; path = raws.json; sourceTree = "<group>"; };
		CF547F8424C33C46007DCF39 /* Schedule.swift */ = {isa = PBXFileReference; lastKnownFileType = sourcecode.swift; path = Schedule.swift; sourceTree = "<group>"; };
		CF547F8724C359A0007DCF39 /* MenuCell.swift */ = {isa = PBXFileReference; lastKnownFileType = sourcecode.swift; path = MenuCell.swift; sourceTree = "<group>"; };
		CF6B6EEC24AF1A9600C18FD2 /* Timetable.swift */ = {isa = PBXFileReference; lastKnownFileType = sourcecode.swift; path = Timetable.swift; sourceTree = "<group>"; };
		CF8CABCC24ACFD4700E7FCB4 /* ModelManager.swift */ = {isa = PBXFileReference; lastKnownFileType = sourcecode.swift; path = ModelManager.swift; sourceTree = "<group>"; };
		CFB5804D24AB7AE000DC3C63 /* FerryTimetable3.app */ = {isa = PBXFileReference; explicitFileType = wrapper.application; includeInIndex = 0; path = FerryTimetable3.app; sourceTree = BUILT_PRODUCTS_DIR; };
		CFB5805024AB7AE000DC3C63 /* AppDelegate.swift */ = {isa = PBXFileReference; lastKnownFileType = sourcecode.swift; path = AppDelegate.swift; sourceTree = "<group>"; };
		CFB5805224AB7AE000DC3C63 /* SceneDelegate.swift */ = {isa = PBXFileReference; lastKnownFileType = sourcecode.swift; path = SceneDelegate.swift; sourceTree = "<group>"; };
		CFB5805424AB7AE000DC3C63 /* MasterViewController.swift */ = {isa = PBXFileReference; lastKnownFileType = sourcecode.swift; path = MasterViewController.swift; sourceTree = "<group>"; };
		CFB5805624AB7AE000DC3C63 /* DetailViewController.swift */ = {isa = PBXFileReference; lastKnownFileType = sourcecode.swift; path = DetailViewController.swift; sourceTree = "<group>"; };
		CFB5805924AB7AE000DC3C63 /* Base */ = {isa = PBXFileReference; lastKnownFileType = file.storyboard; name = Base; path = Base.lproj/Main.storyboard; sourceTree = "<group>"; };
		CFB5805B24AB7AE200DC3C63 /* Assets.xcassets */ = {isa = PBXFileReference; lastKnownFileType = folder.assetcatalog; path = Assets.xcassets; sourceTree = "<group>"; };
		CFB5805E24AB7AE200DC3C63 /* Base */ = {isa = PBXFileReference; lastKnownFileType = file.storyboard; name = Base; path = Base.lproj/LaunchScreen.storyboard; sourceTree = "<group>"; };
		CFB5806024AB7AE200DC3C63 /* Info.plist */ = {isa = PBXFileReference; lastKnownFileType = text.plist.xml; path = Info.plist; sourceTree = "<group>"; };
		CFB5806524AB7AE200DC3C63 /* FerryTimetable3Tests.xctest */ = {isa = PBXFileReference; explicitFileType = wrapper.cfbundle; includeInIndex = 0; path = FerryTimetable3Tests.xctest; sourceTree = BUILT_PRODUCTS_DIR; };
		CFB5806924AB7AE200DC3C63 /* FerryTimetable3Tests.swift */ = {isa = PBXFileReference; lastKnownFileType = sourcecode.swift; path = FerryTimetable3Tests.swift; sourceTree = "<group>"; };
		CFB5806B24AB7AE200DC3C63 /* Info.plist */ = {isa = PBXFileReference; lastKnownFileType = text.plist.xml; path = Info.plist; sourceTree = "<group>"; };
		CFB5807024AB7AE200DC3C63 /* FerryTimetable3UITests.xctest */ = {isa = PBXFileReference; explicitFileType = wrapper.cfbundle; includeInIndex = 0; path = FerryTimetable3UITests.xctest; sourceTree = BUILT_PRODUCTS_DIR; };
		CFB5807424AB7AE200DC3C63 /* FerryTimetable3UITests.swift */ = {isa = PBXFileReference; lastKnownFileType = sourcecode.swift; path = FerryTimetable3UITests.swift; sourceTree = "<group>"; };
		CFB5807624AB7AE200DC3C63 /* Info.plist */ = {isa = PBXFileReference; lastKnownFileType = text.plist.xml; path = Info.plist; sourceTree = "<group>"; };
		CFB5808224AB884F00DC3C63 /* MenuCollectionViewCell.swift */ = {isa = PBXFileReference; lastKnownFileType = sourcecode.swift; path = MenuCollectionViewCell.swift; sourceTree = "<group>"; };
		CFCC219124C83D370007ECA5 /* DatedFerriesTableViewController.swift */ = {isa = PBXFileReference; lastKnownFileType = sourcecode.swift; path = DatedFerriesTableViewController.swift; sourceTree = "<group>"; };
		CFCC219524C97F080007ECA5 /* DirectionSwitchingView.swift */ = {isa = PBXFileReference; lastKnownFileType = sourcecode.swift; path = DirectionSwitchingView.swift; sourceTree = "<group>"; };
		CFD7A77B24C814E20082D9A3 /* FerriesViewController.swift */ = {isa = PBXFileReference; lastKnownFileType = sourcecode.swift; path = FerriesViewController.swift; sourceTree = "<group>"; };
		CFD7A77D24C81A1E0082D9A3 /* FerriesTableViewCell.swift */ = {isa = PBXFileReference; lastKnownFileType = sourcecode.swift; path = FerriesTableViewCell.swift; sourceTree = "<group>"; };
		CFD7A77F24C81A340082D9A3 /* FerryCell.swift */ = {isa = PBXFileReference; lastKnownFileType = sourcecode.swift; path = FerryCell.swift; sourceTree = "<group>"; };
/* End PBXFileReference section */

/* Begin PBXFrameworksBuildPhase section */
		CFB5804A24AB7AE000DC3C63 /* Frameworks */ = {
			isa = PBXFrameworksBuildPhase;
			buildActionMask = 2147483647;
			files = (
				CF9C10F024AE58F8001D13EC /* Alamofire in Frameworks */,
				CF716EC524C72A43007EA415 /* SnapKit in Frameworks */,
			);
			runOnlyForDeploymentPostprocessing = 0;
		};
		CFB5806224AB7AE200DC3C63 /* Frameworks */ = {
			isa = PBXFrameworksBuildPhase;
			buildActionMask = 2147483647;
			files = (
			);
			runOnlyForDeploymentPostprocessing = 0;
		};
		CFB5806D24AB7AE200DC3C63 /* Frameworks */ = {
			isa = PBXFrameworksBuildPhase;
			buildActionMask = 2147483647;
			files = (
			);
			runOnlyForDeploymentPostprocessing = 0;
		};
/* End PBXFrameworksBuildPhase section */

/* Begin PBXGroup section */
		CF547F8624C3598A007DCF39 /* ViewModel */ = {
			isa = PBXGroup;
			children = (
				CF547F8724C359A0007DCF39 /* MenuCell.swift */,
				CFD7A77F24C81A340082D9A3 /* FerryCell.swift */,
			);
			path = ViewModel;
			sourceTree = "<group>";
		};
		CF6B6EE924AF1A5300C18FD2 /* Model */ = {
			isa = PBXGroup;
			children = (
				CF6B6EEC24AF1A9600C18FD2 /* Timetable.swift */,
			);
			path = Model;
			sourceTree = "<group>";
		};
		CF8CABCB24ACEBE500E7FCB4 /* Core */ = {
			isa = PBXGroup;
			children = (
				CF6B6EE924AF1A5300C18FD2 /* Model */,
				CF8CABCC24ACFD4700E7FCB4 /* ModelManager.swift */,
				CF547F8424C33C46007DCF39 /* Schedule.swift */,
			);
			path = Core;
			sourceTree = "<group>";
		};
		CFB5804424AB7AE000DC3C63 = {
			isa = PBXGroup;
			children = (
				CFB5804F24AB7AE000DC3C63 /* FerryTimetable3 */,
				CFB5806824AB7AE200DC3C63 /* FerryTimetable3Tests */,
				CFB5807324AB7AE200DC3C63 /* FerryTimetable3UITests */,
				CFB5804E24AB7AE000DC3C63 /* Products */,
			);
			sourceTree = "<group>";
		};
		CFB5804E24AB7AE000DC3C63 /* Products */ = {
			isa = PBXGroup;
			children = (
				CFB5804D24AB7AE000DC3C63 /* FerryTimetable3.app */,
				CFB5806524AB7AE200DC3C63 /* FerryTimetable3Tests.xctest */,
				CFB5807024AB7AE200DC3C63 /* FerryTimetable3UITests.xctest */,
			);
			name = Products;
			sourceTree = "<group>";
		};
		CFB5804F24AB7AE000DC3C63 /* FerryTimetable3 */ = {
			isa = PBXGroup;
			children = (
				CFB5805024AB7AE000DC3C63 /* AppDelegate.swift */,
				CFB5805224AB7AE000DC3C63 /* SceneDelegate.swift */,
				CFB5805424AB7AE000DC3C63 /* MasterViewController.swift */,
				CFB5805624AB7AE000DC3C63 /* DetailViewController.swift */,
				CFD7A77B24C814E20082D9A3 /* FerriesViewController.swift */,
				CFCC219124C83D370007ECA5 /* DatedFerriesTableViewController.swift */,
				CF1E4A4224ACDC9300D98F41 /* LeftAlignedCollectionViewFlowLayout.swift */,
				CF8CABCB24ACEBE500E7FCB4 /* Core */,
				CFB5808424AB8C1C00DC3C63 /* UI Components */,
				CFB5805824AB7AE000DC3C63 /* Main.storyboard */,
				CFB5805B24AB7AE200DC3C63 /* Assets.xcassets */,
				CFB5805D24AB7AE200DC3C63 /* LaunchScreen.storyboard */,
				CFB5806024AB7AE200DC3C63 /* Info.plist */,
				CF547F8224C339F9007DCF39 /* raws.json */,
			);
			path = FerryTimetable3;
			sourceTree = "<group>";
		};
		CFB5806824AB7AE200DC3C63 /* FerryTimetable3Tests */ = {
			isa = PBXGroup;
			children = (
				CFB5806924AB7AE200DC3C63 /* FerryTimetable3Tests.swift */,
				CFB5806B24AB7AE200DC3C63 /* Info.plist */,
			);
			path = FerryTimetable3Tests;
			sourceTree = "<group>";
		};
		CFB5807324AB7AE200DC3C63 /* FerryTimetable3UITests */ = {
			isa = PBXGroup;
			children = (
				CFB5807424AB7AE200DC3C63 /* FerryTimetable3UITests.swift */,
				CFB5807624AB7AE200DC3C63 /* Info.plist */,
			);
			path = FerryTimetable3UITests;
			sourceTree = "<group>";
		};
		CFB5808424AB8C1C00DC3C63 /* UI Components */ = {
			isa = PBXGroup;
			children = (
				CF547F8624C3598A007DCF39 /* ViewModel */,
				CFB5808224AB884F00DC3C63 /* MenuCollectionViewCell.swift */,
				CFD7A77D24C81A1E0082D9A3 /* FerriesTableViewCell.swift */,
				CFCC219524C97F080007ECA5 /* DirectionSwitchingView.swift */,
			);
			path = "UI Components";
			sourceTree = "<group>";
		};
/* End PBXGroup section */

/* Begin PBXNativeTarget section */
		CFB5804C24AB7AE000DC3C63 /* FerryTimetable3 */ = {
			isa = PBXNativeTarget;
			buildConfigurationList = CFB5807924AB7AE200DC3C63 /* Build configuration list for PBXNativeTarget "FerryTimetable3" */;
			buildPhases = (
				CFB5804924AB7AE000DC3C63 /* Sources */,
				CFB5804A24AB7AE000DC3C63 /* Frameworks */,
				CFB5804B24AB7AE000DC3C63 /* Resources */,
			);
			buildRules = (
			);
			dependencies = (
			);
			name = FerryTimetable3;
			packageProductDependencies = (
				CF9C10EF24AE58F8001D13EC /* Alamofire */,
				CF716EC424C72A43007EA415 /* SnapKit */,
			);
			productName = FerryTimetable3;
			productReference = CFB5804D24AB7AE000DC3C63 /* FerryTimetable3.app */;
			productType = "com.apple.product-type.application";
		};
		CFB5806424AB7AE200DC3C63 /* FerryTimetable3Tests */ = {
			isa = PBXNativeTarget;
			buildConfigurationList = CFB5807C24AB7AE200DC3C63 /* Build configuration list for PBXNativeTarget "FerryTimetable3Tests" */;
			buildPhases = (
				CFB5806124AB7AE200DC3C63 /* Sources */,
				CFB5806224AB7AE200DC3C63 /* Frameworks */,
				CFB5806324AB7AE200DC3C63 /* Resources */,
			);
			buildRules = (
			);
			dependencies = (
				CFB5806724AB7AE200DC3C63 /* PBXTargetDependency */,
			);
			name = FerryTimetable3Tests;
			productName = FerryTimetable3Tests;
			productReference = CFB5806524AB7AE200DC3C63 /* FerryTimetable3Tests.xctest */;
			productType = "com.apple.product-type.bundle.unit-test";
		};
		CFB5806F24AB7AE200DC3C63 /* FerryTimetable3UITests */ = {
			isa = PBXNativeTarget;
			buildConfigurationList = CFB5807F24AB7AE200DC3C63 /* Build configuration list for PBXNativeTarget "FerryTimetable3UITests" */;
			buildPhases = (
				CFB5806C24AB7AE200DC3C63 /* Sources */,
				CFB5806D24AB7AE200DC3C63 /* Frameworks */,
				CFB5806E24AB7AE200DC3C63 /* Resources */,
			);
			buildRules = (
			);
			dependencies = (
				CFB5807224AB7AE200DC3C63 /* PBXTargetDependency */,
			);
			name = FerryTimetable3UITests;
			productName = FerryTimetable3UITests;
			productReference = CFB5807024AB7AE200DC3C63 /* FerryTimetable3UITests.xctest */;
			productType = "com.apple.product-type.bundle.ui-testing";
		};
/* End PBXNativeTarget section */

/* Begin PBXProject section */
		CFB5804524AB7AE000DC3C63 /* Project object */ = {
			isa = PBXProject;
			attributes = {
				LastSwiftUpdateCheck = 1130;
				LastUpgradeCheck = 1130;
				ORGANIZATIONNAME = b123400;
				TargetAttributes = {
					CFB5804C24AB7AE000DC3C63 = {
						CreatedOnToolsVersion = 11.3.1;
					};
					CFB5806424AB7AE200DC3C63 = {
						CreatedOnToolsVersion = 11.3.1;
						TestTargetID = CFB5804C24AB7AE000DC3C63;
					};
					CFB5806F24AB7AE200DC3C63 = {
						CreatedOnToolsVersion = 11.3.1;
						TestTargetID = CFB5804C24AB7AE000DC3C63;
					};
				};
			};
			buildConfigurationList = CFB5804824AB7AE000DC3C63 /* Build configuration list for PBXProject "FerryTimetable3" */;
			compatibilityVersion = "Xcode 9.3";
			developmentRegion = en;
			hasScannedForEncodings = 0;
			knownRegions = (
				en,
				Base,
			);
			mainGroup = CFB5804424AB7AE000DC3C63;
			packageReferences = (
				CF9C10EE24AE58F8001D13EC /* XCRemoteSwiftPackageReference "Alamofire" */,
				CF716EC324C72A43007EA415 /* XCRemoteSwiftPackageReference "SnapKit" */,
			);
			productRefGroup = CFB5804E24AB7AE000DC3C63 /* Products */;
			projectDirPath = "";
			projectRoot = "";
			targets = (
				CFB5804C24AB7AE000DC3C63 /* FerryTimetable3 */,
				CFB5806424AB7AE200DC3C63 /* FerryTimetable3Tests */,
				CFB5806F24AB7AE200DC3C63 /* FerryTimetable3UITests */,
			);
		};
/* End PBXProject section */

/* Begin PBXResourcesBuildPhase section */
		CFB5804B24AB7AE000DC3C63 /* Resources */ = {
			isa = PBXResourcesBuildPhase;
			buildActionMask = 2147483647;
			files = (
				CFB5805F24AB7AE200DC3C63 /* LaunchScreen.storyboard in Resources */,
				CF547F8324C339F9007DCF39 /* raws.json in Resources */,
				CFB5805C24AB7AE200DC3C63 /* Assets.xcassets in Resources */,
				CFB5805A24AB7AE000DC3C63 /* Main.storyboard in Resources */,
			);
			runOnlyForDeploymentPostprocessing = 0;
		};
		CFB5806324AB7AE200DC3C63 /* Resources */ = {
			isa = PBXResourcesBuildPhase;
			buildActionMask = 2147483647;
			files = (
			);
			runOnlyForDeploymentPostprocessing = 0;
		};
		CFB5806E24AB7AE200DC3C63 /* Resources */ = {
			isa = PBXResourcesBuildPhase;
			buildActionMask = 2147483647;
			files = (
			);
			runOnlyForDeploymentPostprocessing = 0;
		};
/* End PBXResourcesBuildPhase section */

/* Begin PBXSourcesBuildPhase section */
		CFB5804924AB7AE000DC3C63 /* Sources */ = {
			isa = PBXSourcesBuildPhase;
			buildActionMask = 2147483647;
			files = (
				CFB5805124AB7AE000DC3C63 /* AppDelegate.swift in Sources */,
				CF8CABCD24ACFD4700E7FCB4 /* ModelManager.swift in Sources */,
				CFD7A77C24C814E20082D9A3 /* FerriesViewController.swift in Sources */,
				CFB5805324AB7AE000DC3C63 /* SceneDelegate.swift in Sources */,
				CFD7A77E24C81A1E0082D9A3 /* FerriesTableViewCell.swift in Sources */,
				CF547F8524C33C46007DCF39 /* Schedule.swift in Sources */,
				CFCC219624C97F080007ECA5 /* DirectionSwitchingView.swift in Sources */,
				CF1E4A4324ACDC9300D98F41 /* LeftAlignedCollectionViewFlowLayout.swift in Sources */,
				CFD7A78024C81A340082D9A3 /* FerryCell.swift in Sources */,
				CFB5805524AB7AE000DC3C63 /* MasterViewController.swift in Sources */,
				CF547F8824C359A0007DCF39 /* MenuCell.swift in Sources */,
				CF6B6EED24AF1A9600C18FD2 /* Timetable.swift in Sources */,
				CFB5805724AB7AE000DC3C63 /* DetailViewController.swift in Sources */,
				CFB5808324AB884F00DC3C63 /* MenuCollectionViewCell.swift in Sources */,
				CFCC219224C83D370007ECA5 /* DatedFerriesTableViewController.swift in Sources */,
			);
			runOnlyForDeploymentPostprocessing = 0;
		};
		CFB5806124AB7AE200DC3C63 /* Sources */ = {
			isa = PBXSourcesBuildPhase;
			buildActionMask = 2147483647;
			files = (
				CFB5806A24AB7AE200DC3C63 /* FerryTimetable3Tests.swift in Sources */,
			);
			runOnlyForDeploymentPostprocessing = 0;
		};
		CFB5806C24AB7AE200DC3C63 /* Sources */ = {
			isa = PBXSourcesBuildPhase;
			buildActionMask = 2147483647;
			files = (
				CFB5807524AB7AE200DC3C63 /* FerryTimetable3UITests.swift in Sources */,
			);
			runOnlyForDeploymentPostprocessing = 0;
		};
/* End PBXSourcesBuildPhase section */

/* Begin PBXTargetDependency section */
		CFB5806724AB7AE200DC3C63 /* PBXTargetDependency */ = {
			isa = PBXTargetDependency;
			target = CFB5804C24AB7AE000DC3C63 /* FerryTimetable3 */;
			targetProxy = CFB5806624AB7AE200DC3C63 /* PBXContainerItemProxy */;
		};
		CFB5807224AB7AE200DC3C63 /* PBXTargetDependency */ = {
			isa = PBXTargetDependency;
			target = CFB5804C24AB7AE000DC3C63 /* FerryTimetable3 */;
			targetProxy = CFB5807124AB7AE200DC3C63 /* PBXContainerItemProxy */;
		};
/* End PBXTargetDependency section */

/* Begin PBXVariantGroup section */
		CFB5805824AB7AE000DC3C63 /* Main.storyboard */ = {
			isa = PBXVariantGroup;
			children = (
				CFB5805924AB7AE000DC3C63 /* Base */,
			);
			name = Main.storyboard;
			sourceTree = "<group>";
		};
		CFB5805D24AB7AE200DC3C63 /* LaunchScreen.storyboard */ = {
			isa = PBXVariantGroup;
			children = (
				CFB5805E24AB7AE200DC3C63 /* Base */,
			);
			name = LaunchScreen.storyboard;
			sourceTree = "<group>";
		};
/* End PBXVariantGroup section */

/* Begin XCBuildConfiguration section */
		CFB5807724AB7AE200DC3C63 /* Debug */ = {
			isa = XCBuildConfiguration;
			buildSettings = {
				ALWAYS_SEARCH_USER_PATHS = NO;
				CLANG_ANALYZER_NONNULL = YES;
				CLANG_ANALYZER_NUMBER_OBJECT_CONVERSION = YES_AGGRESSIVE;
				CLANG_CXX_LANGUAGE_STANDARD = "gnu++14";
				CLANG_CXX_LIBRARY = "libc++";
				CLANG_ENABLE_MODULES = YES;
				CLANG_ENABLE_OBJC_ARC = YES;
				CLANG_ENABLE_OBJC_WEAK = YES;
				CLANG_WARN_BLOCK_CAPTURE_AUTORELEASING = YES;
				CLANG_WARN_BOOL_CONVERSION = YES;
				CLANG_WARN_COMMA = YES;
				CLANG_WARN_CONSTANT_CONVERSION = YES;
				CLANG_WARN_DEPRECATED_OBJC_IMPLEMENTATIONS = YES;
				CLANG_WARN_DIRECT_OBJC_ISA_USAGE = YES_ERROR;
				CLANG_WARN_DOCUMENTATION_COMMENTS = YES;
				CLANG_WARN_EMPTY_BODY = YES;
				CLANG_WARN_ENUM_CONVERSION = YES;
				CLANG_WARN_INFINITE_RECURSION = YES;
				CLANG_WARN_INT_CONVERSION = YES;
				CLANG_WARN_NON_LITERAL_NULL_CONVERSION = YES;
				CLANG_WARN_OBJC_IMPLICIT_RETAIN_SELF = YES;
				CLANG_WARN_OBJC_LITERAL_CONVERSION = YES;
				CLANG_WARN_OBJC_ROOT_CLASS = YES_ERROR;
				CLANG_WARN_RANGE_LOOP_ANALYSIS = YES;
				CLANG_WARN_STRICT_PROTOTYPES = YES;
				CLANG_WARN_SUSPICIOUS_MOVE = YES;
				CLANG_WARN_UNGUARDED_AVAILABILITY = YES_AGGRESSIVE;
				CLANG_WARN_UNREACHABLE_CODE = YES;
				CLANG_WARN__DUPLICATE_METHOD_MATCH = YES;
				COPY_PHASE_STRIP = NO;
				DEBUG_INFORMATION_FORMAT = dwarf;
				ENABLE_STRICT_OBJC_MSGSEND = YES;
				ENABLE_TESTABILITY = YES;
				GCC_C_LANGUAGE_STANDARD = gnu11;
				GCC_DYNAMIC_NO_PIC = NO;
				GCC_NO_COMMON_BLOCKS = YES;
				GCC_OPTIMIZATION_LEVEL = 0;
				GCC_PREPROCESSOR_DEFINITIONS = (
					"DEBUG=1",
					"$(inherited)",
				);
				GCC_WARN_64_TO_32_BIT_CONVERSION = YES;
				GCC_WARN_ABOUT_RETURN_TYPE = YES_ERROR;
				GCC_WARN_UNDECLARED_SELECTOR = YES;
				GCC_WARN_UNINITIALIZED_AUTOS = YES_AGGRESSIVE;
				GCC_WARN_UNUSED_FUNCTION = YES;
				GCC_WARN_UNUSED_VARIABLE = YES;
				IPHONEOS_DEPLOYMENT_TARGET = 13.2;
				MTL_ENABLE_DEBUG_INFO = INCLUDE_SOURCE;
				MTL_FAST_MATH = YES;
				ONLY_ACTIVE_ARCH = YES;
				SDKROOT = iphoneos;
				SWIFT_ACTIVE_COMPILATION_CONDITIONS = DEBUG;
				SWIFT_OPTIMIZATION_LEVEL = "-Onone";
			};
			name = Debug;
		};
		CFB5807824AB7AE200DC3C63 /* Release */ = {
			isa = XCBuildConfiguration;
			buildSettings = {
				ALWAYS_SEARCH_USER_PATHS = NO;
				CLANG_ANALYZER_NONNULL = YES;
				CLANG_ANALYZER_NUMBER_OBJECT_CONVERSION = YES_AGGRESSIVE;
				CLANG_CXX_LANGUAGE_STANDARD = "gnu++14";
				CLANG_CXX_LIBRARY = "libc++";
				CLANG_ENABLE_MODULES = YES;
				CLANG_ENABLE_OBJC_ARC = YES;
				CLANG_ENABLE_OBJC_WEAK = YES;
				CLANG_WARN_BLOCK_CAPTURE_AUTORELEASING = YES;
				CLANG_WARN_BOOL_CONVERSION = YES;
				CLANG_WARN_COMMA = YES;
				CLANG_WARN_CONSTANT_CONVERSION = YES;
				CLANG_WARN_DEPRECATED_OBJC_IMPLEMENTATIONS = YES;
				CLANG_WARN_DIRECT_OBJC_ISA_USAGE = YES_ERROR;
				CLANG_WARN_DOCUMENTATION_COMMENTS = YES;
				CLANG_WARN_EMPTY_BODY = YES;
				CLANG_WARN_ENUM_CONVERSION = YES;
				CLANG_WARN_INFINITE_RECURSION = YES;
				CLANG_WARN_INT_CONVERSION = YES;
				CLANG_WARN_NON_LITERAL_NULL_CONVERSION = YES;
				CLANG_WARN_OBJC_IMPLICIT_RETAIN_SELF = YES;
				CLANG_WARN_OBJC_LITERAL_CONVERSION = YES;
				CLANG_WARN_OBJC_ROOT_CLASS = YES_ERROR;
				CLANG_WARN_RANGE_LOOP_ANALYSIS = YES;
				CLANG_WARN_STRICT_PROTOTYPES = YES;
				CLANG_WARN_SUSPICIOUS_MOVE = YES;
				CLANG_WARN_UNGUARDED_AVAILABILITY = YES_AGGRESSIVE;
				CLANG_WARN_UNREACHABLE_CODE = YES;
				CLANG_WARN__DUPLICATE_METHOD_MATCH = YES;
				COPY_PHASE_STRIP = NO;
				DEBUG_INFORMATION_FORMAT = "dwarf-with-dsym";
				ENABLE_NS_ASSERTIONS = NO;
				ENABLE_STRICT_OBJC_MSGSEND = YES;
				GCC_C_LANGUAGE_STANDARD = gnu11;
				GCC_NO_COMMON_BLOCKS = YES;
				GCC_WARN_64_TO_32_BIT_CONVERSION = YES;
				GCC_WARN_ABOUT_RETURN_TYPE = YES_ERROR;
				GCC_WARN_UNDECLARED_SELECTOR = YES;
				GCC_WARN_UNINITIALIZED_AUTOS = YES_AGGRESSIVE;
				GCC_WARN_UNUSED_FUNCTION = YES;
				GCC_WARN_UNUSED_VARIABLE = YES;
				IPHONEOS_DEPLOYMENT_TARGET = 13.2;
				MTL_ENABLE_DEBUG_INFO = NO;
				MTL_FAST_MATH = YES;
				SDKROOT = iphoneos;
				SWIFT_COMPILATION_MODE = wholemodule;
				SWIFT_OPTIMIZATION_LEVEL = "-O";
				VALIDATE_PRODUCT = YES;
			};
			name = Release;
		};
		CFB5807A24AB7AE200DC3C63 /* Debug */ = {
			isa = XCBuildConfiguration;
			buildSettings = {
				ASSETCATALOG_COMPILER_APPICON_NAME = AppIcon;
				CODE_SIGN_STYLE = Automatic;
				DEVELOPMENT_TEAM = CC63FD9H8S;
				INFOPLIST_FILE = FerryTimetable3/Info.plist;
				IPHONEOS_DEPLOYMENT_TARGET = 13.0;
				LD_RUNPATH_SEARCH_PATHS = (
					"$(inherited)",
					"@executable_path/Frameworks",
				);
				PRODUCT_BUNDLE_IDENTIFIER = net.b123400.ferriestimetable;
				PRODUCT_NAME = FerryTimetable3;
				SWIFT_VERSION = 5.0;
				TARGETED_DEVICE_FAMILY = "1,2";
			};
			name = Debug;
		};
		CFB5807B24AB7AE200DC3C63 /* Release */ = {
			isa = XCBuildConfiguration;
			buildSettings = {
				ASSETCATALOG_COMPILER_APPICON_NAME = AppIcon;
				CODE_SIGN_STYLE = Automatic;
				DEVELOPMENT_TEAM = CC63FD9H8S;
				INFOPLIST_FILE = FerryTimetable3/Info.plist;
				IPHONEOS_DEPLOYMENT_TARGET = 13.0;
				LD_RUNPATH_SEARCH_PATHS = (
					"$(inherited)",
					"@executable_path/Frameworks",
				);
				PRODUCT_BUNDLE_IDENTIFIER = net.b123400.ferriestimetable;
				PRODUCT_NAME = FerryTimetable3;
				SWIFT_VERSION = 5.0;
				TARGETED_DEVICE_FAMILY = "1,2";
			};
			name = Release;
		};
		CFB5807D24AB7AE200DC3C63 /* Debug */ = {
			isa = XCBuildConfiguration;
			buildSettings = {
				ALWAYS_EMBED_SWIFT_STANDARD_LIBRARIES = YES;
				BUNDLE_LOADER = "$(TEST_HOST)";
				CODE_SIGN_STYLE = Automatic;
				DEVELOPMENT_TEAM = CC63FD9H8S;
				INFOPLIST_FILE = FerryTimetable3Tests/Info.plist;
				IPHONEOS_DEPLOYMENT_TARGET = 13.2;
				LD_RUNPATH_SEARCH_PATHS = (
					"$(inherited)",
					"@executable_path/Frameworks",
					"@loader_path/Frameworks",
				);
				PRODUCT_BUNDLE_IDENTIFIER = net.b123400.FerryTimetable3Tests;
				PRODUCT_NAME = "$(TARGET_NAME)";
				SWIFT_VERSION = 5.0;
				TARGETED_DEVICE_FAMILY = "1,2";
				TEST_HOST = "$(BUILT_PRODUCTS_DIR)/FerryTimetable3.app/FerryTimetable3";
			};
			name = Debug;
		};
		CFB5807E24AB7AE200DC3C63 /* Release */ = {
			isa = XCBuildConfiguration;
			buildSettings = {
				ALWAYS_EMBED_SWIFT_STANDARD_LIBRARIES = YES;
				BUNDLE_LOADER = "$(TEST_HOST)";
				CODE_SIGN_STYLE = Automatic;
				DEVELOPMENT_TEAM = CC63FD9H8S;
				INFOPLIST_FILE = FerryTimetable3Tests/Info.plist;
				IPHONEOS_DEPLOYMENT_TARGET = 13.2;
				LD_RUNPATH_SEARCH_PATHS = (
					"$(inherited)",
					"@executable_path/Frameworks",
					"@loader_path/Frameworks",
				);
				PRODUCT_BUNDLE_IDENTIFIER = net.b123400.FerryTimetable3Tests;
				PRODUCT_NAME = "$(TARGET_NAME)";
				SWIFT_VERSION = 5.0;
				TARGETED_DEVICE_FAMILY = "1,2";
				TEST_HOST = "$(BUILT_PRODUCTS_DIR)/FerryTimetable3.app/FerryTimetable3";
			};
			name = Release;
		};
		CFB5808024AB7AE200DC3C63 /* Debug */ = {
			isa = XCBuildConfiguration;
			buildSettings = {
				ALWAYS_EMBED_SWIFT_STANDARD_LIBRARIES = YES;
				CODE_SIGN_STYLE = Automatic;
				DEVELOPMENT_TEAM = CC63FD9H8S;
				INFOPLIST_FILE = FerryTimetable3UITests/Info.plist;
				LD_RUNPATH_SEARCH_PATHS = (
					"$(inherited)",
					"@executable_path/Frameworks",
					"@loader_path/Frameworks",
				);
				PRODUCT_BUNDLE_IDENTIFIER = net.b123400.FerryTimetable3UITests;
				PRODUCT_NAME = "$(TARGET_NAME)";
				SWIFT_VERSION = 5.0;
				TARGETED_DEVICE_FAMILY = "1,2";
				TEST_TARGET_NAME = FerryTimetable3;
			};
			name = Debug;
		};
		CFB5808124AB7AE200DC3C63 /* Release */ = {
			isa = XCBuildConfiguration;
			buildSettings = {
				ALWAYS_EMBED_SWIFT_STANDARD_LIBRARIES = YES;
				CODE_SIGN_STYLE = Automatic;
				DEVELOPMENT_TEAM = CC63FD9H8S;
				INFOPLIST_FILE = FerryTimetable3UITests/Info.plist;
				LD_RUNPATH_SEARCH_PATHS = (
					"$(inherited)",
					"@executable_path/Frameworks",
					"@loader_path/Frameworks",
				);
				PRODUCT_BUNDLE_IDENTIFIER = net.b123400.FerryTimetable3UITests;
				PRODUCT_NAME = "$(TARGET_NAME)";
				SWIFT_VERSION = 5.0;
				TARGETED_DEVICE_FAMILY = "1,2";
				TEST_TARGET_NAME = FerryTimetable3;
			};
			name = Release;
		};
/* End XCBuildConfiguration section */

/* Begin XCConfigurationList section */
		CFB5804824AB7AE000DC3C63 /* Build configuration list for PBXProject "FerryTimetable3" */ = {
			isa = XCConfigurationList;
			buildConfigurations = (
				CFB5807724AB7AE200DC3C63 /* Debug */,
				CFB5807824AB7AE200DC3C63 /* Release */,
			);
			defaultConfigurationIsVisible = 0;
			defaultConfigurationName = Release;
		};
		CFB5807924AB7AE200DC3C63 /* Build configuration list for PBXNativeTarget "FerryTimetable3" */ = {
			isa = XCConfigurationList;
			buildConfigurations = (
				CFB5807A24AB7AE200DC3C63 /* Debug */,
				CFB5807B24AB7AE200DC3C63 /* Release */,
			);
			defaultConfigurationIsVisible = 0;
			defaultConfigurationName = Release;
		};
		CFB5807C24AB7AE200DC3C63 /* Build configuration list for PBXNativeTarget "FerryTimetable3Tests" */ = {
			isa = XCConfigurationList;
			buildConfigurations = (
				CFB5807D24AB7AE200DC3C63 /* Debug */,
				CFB5807E24AB7AE200DC3C63 /* Release */,
			);
			defaultConfigurationIsVisible = 0;
			defaultConfigurationName = Release;
		};
		CFB5807F24AB7AE200DC3C63 /* Build configuration list for PBXNativeTarget "FerryTimetable3UITests" */ = {
			isa = XCConfigurationList;
			buildConfigurations = (
				CFB5808024AB7AE200DC3C63 /* Debug */,
				CFB5808124AB7AE200DC3C63 /* Release */,
			);
			defaultConfigurationIsVisible = 0;
			defaultConfigurationName = Release;
		};
/* End XCConfigurationList section */

/* Begin XCRemoteSwiftPackageReference section */
		CF716EC324C72A43007EA415 /* XCRemoteSwiftPackageReference "SnapKit" */ = {
			isa = XCRemoteSwiftPackageReference;
			repositoryURL = "https://github.com/SnapKit/SnapKit.git";
			requirement = {
				kind = upToNextMajorVersion;
				minimumVersion = 5.0.1;
			};
		};
		CF9C10EE24AE58F8001D13EC /* XCRemoteSwiftPackageReference "Alamofire" */ = {
			isa = XCRemoteSwiftPackageReference;
			repositoryURL = "https://github.com/Alamofire/Alamofire.git";
			requirement = {
				kind = upToNextMajorVersion;
				minimumVersion = 5.2.1;
			};
		};
/* End XCRemoteSwiftPackageReference section */

/* Begin XCSwiftPackageProductDependency section */
		CF716EC424C72A43007EA415 /* SnapKit */ = {
			isa = XCSwiftPackageProductDependency;
			package = CF716EC324C72A43007EA415 /* XCRemoteSwiftPackageReference "SnapKit" */;
			productName = SnapKit;
		};
		CF9C10EF24AE58F8001D13EC /* Alamofire */ = {
			isa = XCSwiftPackageProductDependency;
			package = CF9C10EE24AE58F8001D13EC /* XCRemoteSwiftPackageReference "Alamofire" */;
			productName = Alamofire;
		};
/* End XCSwiftPackageProductDependency section */
	};
	rootObject = CFB5804524AB7AE000DC3C63 /* Project object */;
}
